
Microsoft Visual Studio Solution File, Format Version 12.00
# Visual Studio Version 17
VisualStudioVersion = 17.1.32228.430
MinimumVisualStudioVersion = 10.0.40219.1
Project("{9A19103F-16F7-4668-BE54-9A1E7A4F7556}") = "P02_StackSum", "P02_StackSum\P02_StackSum.csproj", "{284D535E-DC26-496B-9F10-683CD59B8BB1}"
EndProject
Project("{9A19103F-16F7-4668-BE54-9A1E7A4F7556}") = "P03_SimpleCalculator", "P03_SimpleCalculator\P03_SimpleCalculator.csproj", "{9CE912E2-EE93-4219-9E94-170382E2A98F}"
EndProject
Project("{9A19103F-16F7-4668-BE54-9A1E7A4F7556}") = "P04_MatchingBrackets", "P04_MatchingBrackets\P04_MatchingBrackets.csproj", "{334564E7-7DA9-4A8A-9313-A3764F86E319}"
EndProject
Project("{9A19103F-16F7-4668-BE54-9A1E7A4F7556}") = "P05_Supermarket", "P05_Supermarket\P05_Supermarket.csproj", "{7CF17D62-43C1-4722-B220-2CF0F19BA21C}"
EndProject
Project("{9A19103F-16F7-4668-BE54-9A1E7A4F7556}") = "P06_HotPotato", "P06_HotPotato\P06_HotPotato.csproj", "{E1B76986-CBA1-451C-BD0A-64C60BEFA5D1}"
EndProject
Project("{9A19103F-16F7-4668-BE54-9A1E7A4F7556}") = "P07_TrafficJam", "P07_TrafficJam\P07_TrafficJam.csproj", "{EA41A844-BD3B-4A60-88A4-117F36C10DD0}"
EndProject
Project("{9A19103F-16F7-4668-BE54-9A1E7A4F7556}") = "P01_ReverseStrings", "P01_ReverseStrings\P01_ReverseStrings.csproj", "{8CA48FFA-23C5-467F-A371-67F161A3467A}"
EndProject
Global
	GlobalSection(SolutionConfigurationPlatforms) = preSolution
		Debug|Any CPU = Debug|Any CPU
		Release|Any CPU = Release|Any CPU
	EndGlobalSection
	GlobalSection(ProjectConfigurationPlatforms) = postSolution
		{284D535E-DC26-496B-9F10-683CD59B8BB1}.Debug|Any CPU.ActiveCfg = Debug|Any CPU
		{284D535E-DC26-496B-9F10-683CD59B8BB1}.Debug|Any CPU.Build.0 = Debug|Any CPU
		{284D535E-DC26-496B-9F10-683CD59B8BB1}.Release|Any CPU.ActiveCfg = Release|Any CPU
		{284D535E-DC26-496B-9F10-683CD59B8BB1}.Release|Any CPU.Build.0 = Release|Any CPU
		{9CE912E2-EE93-4219-9E94-170382E2A98F}.Debug|Any CPU.ActiveCfg = Debug|Any CPU
		{9CE912E2-EE93-4219-9E94-170382E2A98F}.Debug|Any CPU.Build.0 = Debug|Any CPU
		{9CE912E2-EE93-4219-9E94-170382E2A98F}.Release|Any CPU.ActiveCfg = Release|Any CPU
		{9CE912E2-EE93-4219-9E94-170382E2A98F}.Release|Any CPU.Build.0 = Release|Any CPU
		{334564E7-7DA9-4A8A-9313-A3764F86E319}.Debug|Any CPU.ActiveCfg = Debug|Any CPU
		{334564E7-7DA9-4A8A-9313-A3764F86E319}.Debug|Any CPU.Build.0 = Debug|Any CPU
		{334564E7-7DA9-4A8A-9313-A3764F86E319}.Release|Any CPU.ActiveCfg = Release|Any CPU
		{334564E7-7DA9-4A8A-9313-A3764F86E319}.Release|Any CPU.Build.0 = Release|Any CPU
		{7CF17D62-43C1-4722-B220-2CF0F19BA21C}.Debug|Any CPU.ActiveCfg = Debug|Any CPU
		{7CF17D62-43C1-4722-B220-2CF0F19BA21C}.Debug|Any CPU.Build.0 = Debug|Any CPU
		{7CF17D62-43C1-4722-B220-2CF0F19BA21C}.Release|Any CPU.ActiveCfg = Release|Any CPU
		{7CF17D62-43C1-4722-B220-2CF0F19BA21C}.Release|Any CPU.Build.0 = Release|Any CPU
		{E1B76986-CBA1-451C-BD0A-64C60BEFA5D1}.Debug|Any CPU.ActiveCfg = Debug|Any CPU
		{E1B76986-CBA1-451C-BD0A-64C60BEFA5D1}.Debug|Any CPU.Build.0 = Debug|Any CPU
		{E1B76986-CBA1-451C-BD0A-64C60BEFA5D1}.Release|Any CPU.ActiveCfg = Release|Any CPU
		{E1B76986-CBA1-451C-BD0A-64C60BEFA5D1}.Release|Any CPU.Build.0 = Release|Any CPU
		{EA41A844-BD3B-4A60-88A4-117F36C10DD0}.Debug|Any CPU.ActiveCfg = Debug|Any CPU
		{EA41A844-BD3B-4A60-88A4-117F36C10DD0}.Debug|Any CPU.Build.0 = Debug|Any CPU
		{EA41A844-BD3B-4A60-88A4-117F36C10DD0}.Release|Any CPU.ActiveCfg = Release|Any CPU
		{EA41A844-BD3B-4A60-88A4-117F36C10DD0}.Release|Any CPU.Build.0 = Release|Any CPU
		{8CA48FFA-23C5-467F-A371-67F161A3467A}.Debug|Any CPU.ActiveCfg = Debug|Any CPU
		{8CA48FFA-23C5-467F-A371-67F161A3467A}.Debug|Any CPU.Build.0 = Debug|Any CPU
		{8CA48FFA-23C5-467F-A371-67F161A3467A}.Release|Any CPU.ActiveCfg = Release|Any CPU
		{8CA48FFA-23C5-467F-A371-67F161A3467A}.Release|Any CPU.Build.0 = Release|Any CPU
	EndGlobalSection
	GlobalSection(SolutionProperties) = preSolution
		HideSolutionNode = FALSE
	EndGlobalSection
	GlobalSection(ExtensibilityGlobals) = postSolution
		SolutionGuid = {A24247F5-04AA-41D1-B70B-67CE40F29C7B}
	EndGlobalSection
EndGlobal
