
Microsoft Visual Studio Solution File, Format Version 12.00
# Visual Studio 15
VisualStudioVersion = 15.0.28307.168
MinimumVisualStudioVersion = 10.0.40219.1
Project("{9A19103F-16F7-4668-BE54-9A1E7A4F7556}") = "P01", "P01\P01.csproj", "{9D1E7676-3E1B-4B73-933C-67B19C9D201E}"
EndProject
Project("{FAE04EC0-301F-11D3-BF4B-00C04F79EFBC}") = "P02", "P02\P02.csproj", "{81348B37-5BD5-4706-B6F4-F04B2E6529C4}"
EndProject
Project("{FAE04EC0-301F-11D3-BF4B-00C04F79EFBC}") = "P03", "P03\P03.csproj", "{205DDD3B-555F-493D-8393-BF89F112518A}"
EndProject
Project("{FAE04EC0-301F-11D3-BF4B-00C04F79EFBC}") = "P04", "P04\P04.csproj", "{26E8B8E7-98BE-45B2-A85B-2BF8AF249776}"
EndProject
Project("{FAE04EC0-301F-11D3-BF4B-00C04F79EFBC}") = "P05", "P05\P05.csproj", "{4D3747F7-40C0-41F9-A115-560C4A3D80F3}"
EndProject
Project("{FAE04EC0-301F-11D3-BF4B-00C04F79EFBC}") = "P06", "P06\P06.csproj", "{32DE0053-70BC-4203-978D-572806EDF8E5}"
EndProject
Global
	GlobalSection(SolutionConfigurationPlatforms) = preSolution
		Debug|Any CPU = Debug|Any CPU
		Release|Any CPU = Release|Any CPU
	EndGlobalSection
	GlobalSection(ProjectConfigurationPlatforms) = postSolution
		{9D1E7676-3E1B-4B73-933C-67B19C9D201E}.Debug|Any CPU.ActiveCfg = Debug|Any CPU
		{9D1E7676-3E1B-4B73-933C-67B19C9D201E}.Debug|Any CPU.Build.0 = Debug|Any CPU
		{9D1E7676-3E1B-4B73-933C-67B19C9D201E}.Release|Any CPU.ActiveCfg = Release|Any CPU
		{9D1E7676-3E1B-4B73-933C-67B19C9D201E}.Release|Any CPU.Build.0 = Release|Any CPU
		{81348B37-5BD5-4706-B6F4-F04B2E6529C4}.Debug|Any CPU.ActiveCfg = Debug|Any CPU
		{81348B37-5BD5-4706-B6F4-F04B2E6529C4}.Debug|Any CPU.Build.0 = Debug|Any CPU
		{81348B37-5BD5-4706-B6F4-F04B2E6529C4}.Release|Any CPU.ActiveCfg = Release|Any CPU
		{81348B37-5BD5-4706-B6F4-F04B2E6529C4}.Release|Any CPU.Build.0 = Release|Any CPU
		{205DDD3B-555F-493D-8393-BF89F112518A}.Debug|Any CPU.ActiveCfg = Debug|Any CPU
		{205DDD3B-555F-493D-8393-BF89F112518A}.Debug|Any CPU.Build.0 = Debug|Any CPU
		{205DDD3B-555F-493D-8393-BF89F112518A}.Release|Any CPU.ActiveCfg = Release|Any CPU
		{205DDD3B-555F-493D-8393-BF89F112518A}.Release|Any CPU.Build.0 = Release|Any CPU
		{26E8B8E7-98BE-45B2-A85B-2BF8AF249776}.Debug|Any CPU.ActiveCfg = Debug|Any CPU
		{26E8B8E7-98BE-45B2-A85B-2BF8AF249776}.Debug|Any CPU.Build.0 = Debug|Any CPU
		{26E8B8E7-98BE-45B2-A85B-2BF8AF249776}.Release|Any CPU.ActiveCfg = Release|Any CPU
		{26E8B8E7-98BE-45B2-A85B-2BF8AF249776}.Release|Any CPU.Build.0 = Release|Any CPU
		{4D3747F7-40C0-41F9-A115-560C4A3D80F3}.Debug|Any CPU.ActiveCfg = Debug|Any CPU
		{4D3747F7-40C0-41F9-A115-560C4A3D80F3}.Debug|Any CPU.Build.0 = Debug|Any CPU
		{4D3747F7-40C0-41F9-A115-560C4A3D80F3}.Release|Any CPU.ActiveCfg = Release|Any CPU
		{4D3747F7-40C0-41F9-A115-560C4A3D80F3}.Release|Any CPU.Build.0 = Release|Any CPU
		{32DE0053-70BC-4203-978D-572806EDF8E5}.Debug|Any CPU.ActiveCfg = Debug|Any CPU
		{32DE0053-70BC-4203-978D-572806EDF8E5}.Debug|Any CPU.Build.0 = Debug|Any CPU
		{32DE0053-70BC-4203-978D-572806EDF8E5}.Release|Any CPU.ActiveCfg = Release|Any CPU
		{32DE0053-70BC-4203-978D-572806EDF8E5}.Release|Any CPU.Build.0 = Release|Any CPU
	EndGlobalSection
	GlobalSection(SolutionProperties) = preSolution
		HideSolutionNode = FALSE
	EndGlobalSection
	GlobalSection(ExtensibilityGlobals) = postSolution
		SolutionGuid = {68C381BD-A6F6-458B-90D6-FDA8890619A7}
	EndGlobalSection
EndGlobal
