
Microsoft Visual Studio Solution File, Format Version 12.00
# Visual Studio 15
VisualStudioVersion = 15.0.28307.168
MinimumVisualStudioVersion = 10.0.40219.1
Project("{FAE04EC0-301F-11D3-BF4B-00C04F79EFBC}") = "P01", "P01\P01.csproj", "{5ADCE2A2-30DE-4D7B-A623-A2ECF3C52274}"
EndProject
Project("{FAE04EC0-301F-11D3-BF4B-00C04F79EFBC}") = "P02", "P02\P02.csproj", "{59C168B3-3B35-4065-A0BF-F1851E049526}"
EndProject
Project("{FAE04EC0-301F-11D3-BF4B-00C04F79EFBC}") = "P03", "P03\P03.csproj", "{E0130F02-C6CA-449B-9FA7-E990CE484620}"
EndProject
Project("{FAE04EC0-301F-11D3-BF4B-00C04F79EFBC}") = "P04", "P04\P04.csproj", "{A931478F-30AB-40AE-87A1-FC3C3E4BAC94}"
EndProject
Project("{FAE04EC0-301F-11D3-BF4B-00C04F79EFBC}") = "P05", "P05\P05.csproj", "{1AA365BB-F2EA-4A4B-A751-A8606C1F5489}"
EndProject
Project("{FAE04EC0-301F-11D3-BF4B-00C04F79EFBC}") = "P06", "P06\P06.csproj", "{3B1C2594-BA67-4222-B897-263A99680EFE}"
EndProject
Global
	GlobalSection(SolutionConfigurationPlatforms) = preSolution
		Debug|Any CPU = Debug|Any CPU
		Release|Any CPU = Release|Any CPU
	EndGlobalSection
	GlobalSection(ProjectConfigurationPlatforms) = postSolution
		{5ADCE2A2-30DE-4D7B-A623-A2ECF3C52274}.Debug|Any CPU.ActiveCfg = Debug|Any CPU
		{5ADCE2A2-30DE-4D7B-A623-A2ECF3C52274}.Debug|Any CPU.Build.0 = Debug|Any CPU
		{5ADCE2A2-30DE-4D7B-A623-A2ECF3C52274}.Release|Any CPU.ActiveCfg = Release|Any CPU
		{5ADCE2A2-30DE-4D7B-A623-A2ECF3C52274}.Release|Any CPU.Build.0 = Release|Any CPU
		{59C168B3-3B35-4065-A0BF-F1851E049526}.Debug|Any CPU.ActiveCfg = Debug|Any CPU
		{59C168B3-3B35-4065-A0BF-F1851E049526}.Debug|Any CPU.Build.0 = Debug|Any CPU
		{59C168B3-3B35-4065-A0BF-F1851E049526}.Release|Any CPU.ActiveCfg = Release|Any CPU
		{59C168B3-3B35-4065-A0BF-F1851E049526}.Release|Any CPU.Build.0 = Release|Any CPU
		{E0130F02-C6CA-449B-9FA7-E990CE484620}.Debug|Any CPU.ActiveCfg = Debug|Any CPU
		{E0130F02-C6CA-449B-9FA7-E990CE484620}.Debug|Any CPU.Build.0 = Debug|Any CPU
		{E0130F02-C6CA-449B-9FA7-E990CE484620}.Release|Any CPU.ActiveCfg = Release|Any CPU
		{E0130F02-C6CA-449B-9FA7-E990CE484620}.Release|Any CPU.Build.0 = Release|Any CPU
		{A931478F-30AB-40AE-87A1-FC3C3E4BAC94}.Debug|Any CPU.ActiveCfg = Debug|Any CPU
		{A931478F-30AB-40AE-87A1-FC3C3E4BAC94}.Debug|Any CPU.Build.0 = Debug|Any CPU
		{A931478F-30AB-40AE-87A1-FC3C3E4BAC94}.Release|Any CPU.ActiveCfg = Release|Any CPU
		{A931478F-30AB-40AE-87A1-FC3C3E4BAC94}.Release|Any CPU.Build.0 = Release|Any CPU
		{1AA365BB-F2EA-4A4B-A751-A8606C1F5489}.Debug|Any CPU.ActiveCfg = Debug|Any CPU
		{1AA365BB-F2EA-4A4B-A751-A8606C1F5489}.Debug|Any CPU.Build.0 = Debug|Any CPU
		{1AA365BB-F2EA-4A4B-A751-A8606C1F5489}.Release|Any CPU.ActiveCfg = Release|Any CPU
		{1AA365BB-F2EA-4A4B-A751-A8606C1F5489}.Release|Any CPU.Build.0 = Release|Any CPU
		{3B1C2594-BA67-4222-B897-263A99680EFE}.Debug|Any CPU.ActiveCfg = Debug|Any CPU
		{3B1C2594-BA67-4222-B897-263A99680EFE}.Debug|Any CPU.Build.0 = Debug|Any CPU
		{3B1C2594-BA67-4222-B897-263A99680EFE}.Release|Any CPU.ActiveCfg = Release|Any CPU
		{3B1C2594-BA67-4222-B897-263A99680EFE}.Release|Any CPU.Build.0 = Release|Any CPU
	EndGlobalSection
	GlobalSection(SolutionProperties) = preSolution
		HideSolutionNode = FALSE
	EndGlobalSection
	GlobalSection(ExtensibilityGlobals) = postSolution
		SolutionGuid = {BB3315DF-1EC1-4EE1-B75B-F3647062A4DF}
	EndGlobalSection
EndGlobal
