
Microsoft Visual Studio Solution File, Format Version 12.00
# Visual Studio 15
VisualStudioVersion = 15.0.28307.572
MinimumVisualStudioVersion = 10.0.40219.1
Project("{9A19103F-16F7-4668-BE54-9A1E7A4F7556}") = "FightingArena", "FightingArena\FightingArena.csproj", "{28721AB2-C904-4AAE-B8B0-07A1FA4DA2CC}"
EndProject
Global
	GlobalSection(SolutionConfigurationPlatforms) = preSolution
		Debug|Any CPU = Debug|Any CPU
		Release|Any CPU = Release|Any CPU
	EndGlobalSection
	GlobalSection(ProjectConfigurationPlatforms) = postSolution
		{28721AB2-C904-4AAE-B8B0-07A1FA4DA2CC}.Debug|Any CPU.ActiveCfg = Debug|Any CPU
		{28721AB2-C904-4AAE-B8B0-07A1FA4DA2CC}.Debug|Any CPU.Build.0 = Debug|Any CPU
		{28721AB2-C904-4AAE-B8B0-07A1FA4DA2CC}.Release|Any CPU.ActiveCfg = Release|Any CPU
		{28721AB2-C904-4AAE-B8B0-07A1FA4DA2CC}.Release|Any CPU.Build.0 = Release|Any CPU
	EndGlobalSection
	GlobalSection(SolutionProperties) = preSolution
		HideSolutionNode = FALSE
	EndGlobalSection
	GlobalSection(ExtensibilityGlobals) = postSolution
		SolutionGuid = {FC8B1AF1-C61B-41F6-8854-3B5672BCDA45}
	EndGlobalSection
EndGlobal
