
Microsoft Visual Studio Solution File, Format Version 12.00
# Visual Studio 15
VisualStudioVersion = 15.0.28307.168
MinimumVisualStudioVersion = 10.0.40219.1
Project("{9A19103F-16F7-4668-BE54-9A1E7A4F7556}") = "BillsPaymentSystem.App", "BillsPaymentSystem.App\BillsPaymentSystem.App.csproj", "{29992595-2B3B-4FFB-8907-8026351E9F7B}"
EndProject
Project("{FAE04EC0-301F-11D3-BF4B-00C04F79EFBC}") = "BillsPaymentSystem.Models", "BillsPaymentSystem.Models\BillsPaymentSystem.Models.csproj", "{1B9DD780-C36D-4B81-A920-253FCB58BB41}"
EndProject
Project("{FAE04EC0-301F-11D3-BF4B-00C04F79EFBC}") = "BillsPaymentSystem.Data", "BillsPaymentSystem.Data\BillsPaymentSystem.Data.csproj", "{D1657132-7A20-4755-8108-5932C9A26F10}"
EndProject
Global
	GlobalSection(SolutionConfigurationPlatforms) = preSolution
		Debug|Any CPU = Debug|Any CPU
		Release|Any CPU = Release|Any CPU
	EndGlobalSection
	GlobalSection(ProjectConfigurationPlatforms) = postSolution
		{29992595-2B3B-4FFB-8907-8026351E9F7B}.Debug|Any CPU.ActiveCfg = Debug|Any CPU
		{29992595-2B3B-4FFB-8907-8026351E9F7B}.Debug|Any CPU.Build.0 = Debug|Any CPU
		{29992595-2B3B-4FFB-8907-8026351E9F7B}.Release|Any CPU.ActiveCfg = Release|Any CPU
		{29992595-2B3B-4FFB-8907-8026351E9F7B}.Release|Any CPU.Build.0 = Release|Any CPU
		{1B9DD780-C36D-4B81-A920-253FCB58BB41}.Debug|Any CPU.ActiveCfg = Debug|Any CPU
		{1B9DD780-C36D-4B81-A920-253FCB58BB41}.Debug|Any CPU.Build.0 = Debug|Any CPU
		{1B9DD780-C36D-4B81-A920-253FCB58BB41}.Release|Any CPU.ActiveCfg = Release|Any CPU
		{1B9DD780-C36D-4B81-A920-253FCB58BB41}.Release|Any CPU.Build.0 = Release|Any CPU
		{D1657132-7A20-4755-8108-5932C9A26F10}.Debug|Any CPU.ActiveCfg = Debug|Any CPU
		{D1657132-7A20-4755-8108-5932C9A26F10}.Debug|Any CPU.Build.0 = Debug|Any CPU
		{D1657132-7A20-4755-8108-5932C9A26F10}.Release|Any CPU.ActiveCfg = Release|Any CPU
		{D1657132-7A20-4755-8108-5932C9A26F10}.Release|Any CPU.Build.0 = Release|Any CPU
	EndGlobalSection
	GlobalSection(SolutionProperties) = preSolution
		HideSolutionNode = FALSE
	EndGlobalSection
	GlobalSection(ExtensibilityGlobals) = postSolution
		SolutionGuid = {6F3667DF-4620-4E22-BCA1-34E856DEA39F}
	EndGlobalSection
EndGlobal
