
Microsoft Visual Studio Solution File, Format Version 12.00
# Visual Studio 15
VisualStudioVersion = 15.0.28307.168
MinimumVisualStudioVersion = 10.0.40219.1
Project("{9A19103F-16F7-4668-BE54-9A1E7A4F7556}") = "SoftUniRestaurant", "SoftUniRestaurant\SoftUniRestaurant.csproj", "{52952806-84A5-4CFD-9618-D0F1C13F357E}"
EndProject
Global
	GlobalSection(SolutionConfigurationPlatforms) = preSolution
		Debug|Any CPU = Debug|Any CPU
		Release|Any CPU = Release|Any CPU
	EndGlobalSection
	GlobalSection(ProjectConfigurationPlatforms) = postSolution
		{52952806-84A5-4CFD-9618-D0F1C13F357E}.Debug|Any CPU.ActiveCfg = Debug|Any CPU
		{52952806-84A5-4CFD-9618-D0F1C13F357E}.Debug|Any CPU.Build.0 = Debug|Any CPU
		{52952806-84A5-4CFD-9618-D0F1C13F357E}.Release|Any CPU.ActiveCfg = Release|Any CPU
		{52952806-84A5-4CFD-9618-D0F1C13F357E}.Release|Any CPU.Build.0 = Release|Any CPU
	EndGlobalSection
	GlobalSection(SolutionProperties) = preSolution
		HideSolutionNode = FALSE
	EndGlobalSection
	GlobalSection(ExtensibilityGlobals) = postSolution
		SolutionGuid = {780257DE-63FC-4504-8CA9-AE9F1B6018F5}
	EndGlobalSection
EndGlobal
