
Microsoft Visual Studio Solution File, Format Version 12.00
# Visual Studio 15
VisualStudioVersion = 15.0.28307.168
MinimumVisualStudioVersion = 10.0.40219.1
Project("{FAE04EC0-301F-11D3-BF4B-00C04F79EFBC}") = "P01", "P01\P01.csproj", "{A4F7C057-10A2-4A59-95DA-53500C4FA663}"
EndProject
Project("{FAE04EC0-301F-11D3-BF4B-00C04F79EFBC}") = "P02", "P02\P02.csproj", "{051211A6-2EF0-43F9-B393-D3C50683FAB0}"
EndProject
Project("{FAE04EC0-301F-11D3-BF4B-00C04F79EFBC}") = "P03", "P03\P03.csproj", "{CFA45B83-0835-4C28-8A5D-8C6805D37576}"
EndProject
Project("{FAE04EC0-301F-11D3-BF4B-00C04F79EFBC}") = "P04", "P04\P04.csproj", "{F704B992-2DB0-4D3C-A649-3196D91CD360}"
EndProject
Project("{FAE04EC0-301F-11D3-BF4B-00C04F79EFBC}") = "P05", "P05\P05.csproj", "{4EA67315-B955-4367-90C7-21EA0B00E1C2}"
EndProject
Global
	GlobalSection(SolutionConfigurationPlatforms) = preSolution
		Debug|Any CPU = Debug|Any CPU
		Release|Any CPU = Release|Any CPU
	EndGlobalSection
	GlobalSection(ProjectConfigurationPlatforms) = postSolution
		{A4F7C057-10A2-4A59-95DA-53500C4FA663}.Debug|Any CPU.ActiveCfg = Debug|Any CPU
		{A4F7C057-10A2-4A59-95DA-53500C4FA663}.Debug|Any CPU.Build.0 = Debug|Any CPU
		{A4F7C057-10A2-4A59-95DA-53500C4FA663}.Release|Any CPU.ActiveCfg = Release|Any CPU
		{A4F7C057-10A2-4A59-95DA-53500C4FA663}.Release|Any CPU.Build.0 = Release|Any CPU
		{051211A6-2EF0-43F9-B393-D3C50683FAB0}.Debug|Any CPU.ActiveCfg = Debug|Any CPU
		{051211A6-2EF0-43F9-B393-D3C50683FAB0}.Debug|Any CPU.Build.0 = Debug|Any CPU
		{051211A6-2EF0-43F9-B393-D3C50683FAB0}.Release|Any CPU.ActiveCfg = Release|Any CPU
		{051211A6-2EF0-43F9-B393-D3C50683FAB0}.Release|Any CPU.Build.0 = Release|Any CPU
		{CFA45B83-0835-4C28-8A5D-8C6805D37576}.Debug|Any CPU.ActiveCfg = Debug|Any CPU
		{CFA45B83-0835-4C28-8A5D-8C6805D37576}.Debug|Any CPU.Build.0 = Debug|Any CPU
		{CFA45B83-0835-4C28-8A5D-8C6805D37576}.Release|Any CPU.ActiveCfg = Release|Any CPU
		{CFA45B83-0835-4C28-8A5D-8C6805D37576}.Release|Any CPU.Build.0 = Release|Any CPU
		{F704B992-2DB0-4D3C-A649-3196D91CD360}.Debug|Any CPU.ActiveCfg = Debug|Any CPU
		{F704B992-2DB0-4D3C-A649-3196D91CD360}.Debug|Any CPU.Build.0 = Debug|Any CPU
		{F704B992-2DB0-4D3C-A649-3196D91CD360}.Release|Any CPU.ActiveCfg = Release|Any CPU
		{F704B992-2DB0-4D3C-A649-3196D91CD360}.Release|Any CPU.Build.0 = Release|Any CPU
		{4EA67315-B955-4367-90C7-21EA0B00E1C2}.Debug|Any CPU.ActiveCfg = Debug|Any CPU
		{4EA67315-B955-4367-90C7-21EA0B00E1C2}.Debug|Any CPU.Build.0 = Debug|Any CPU
		{4EA67315-B955-4367-90C7-21EA0B00E1C2}.Release|Any CPU.ActiveCfg = Release|Any CPU
		{4EA67315-B955-4367-90C7-21EA0B00E1C2}.Release|Any CPU.Build.0 = Release|Any CPU
	EndGlobalSection
	GlobalSection(SolutionProperties) = preSolution
		HideSolutionNode = FALSE
	EndGlobalSection
	GlobalSection(ExtensibilityGlobals) = postSolution
		SolutionGuid = {9C48D730-CF84-47D6-AEFC-A2C719539185}
	EndGlobalSection
EndGlobal
