
Microsoft Visual Studio Solution File, Format Version 12.00
# Visual Studio 15
VisualStudioVersion = 15.0.28307.168
MinimumVisualStudioVersion = 10.0.40219.1
Project("{FAE04EC0-301F-11D3-BF4B-00C04F79EFBC}") = "BoxOfT", "BoxOfT\BoxOfT.csproj", "{DA606D8D-5FEB-4CD4-9F36-67F836293A1E}"
EndProject
Project("{FAE04EC0-301F-11D3-BF4B-00C04F79EFBC}") = "GenericArrayCreator", "GenericArrayCreator\GenericArrayCreator.csproj", "{83EAC8AC-9AD4-4DDA-AAC7-AB9A89CAA332}"
EndProject
Project("{FAE04EC0-301F-11D3-BF4B-00C04F79EFBC}") = "GenericScale", "GenericScale\GenericScale.csproj", "{76280C1D-D693-42BE-BD8C-0CCB09C96AF1}"
EndProject
Global
	GlobalSection(SolutionConfigurationPlatforms) = preSolution
		Debug|Any CPU = Debug|Any CPU
		Release|Any CPU = Release|Any CPU
	EndGlobalSection
	GlobalSection(ProjectConfigurationPlatforms) = postSolution
		{DA606D8D-5FEB-4CD4-9F36-67F836293A1E}.Debug|Any CPU.ActiveCfg = Debug|Any CPU
		{DA606D8D-5FEB-4CD4-9F36-67F836293A1E}.Debug|Any CPU.Build.0 = Debug|Any CPU
		{DA606D8D-5FEB-4CD4-9F36-67F836293A1E}.Release|Any CPU.ActiveCfg = Release|Any CPU
		{DA606D8D-5FEB-4CD4-9F36-67F836293A1E}.Release|Any CPU.Build.0 = Release|Any CPU
		{83EAC8AC-9AD4-4DDA-AAC7-AB9A89CAA332}.Debug|Any CPU.ActiveCfg = Debug|Any CPU
		{83EAC8AC-9AD4-4DDA-AAC7-AB9A89CAA332}.Debug|Any CPU.Build.0 = Debug|Any CPU
		{83EAC8AC-9AD4-4DDA-AAC7-AB9A89CAA332}.Release|Any CPU.ActiveCfg = Release|Any CPU
		{83EAC8AC-9AD4-4DDA-AAC7-AB9A89CAA332}.Release|Any CPU.Build.0 = Release|Any CPU
		{76280C1D-D693-42BE-BD8C-0CCB09C96AF1}.Debug|Any CPU.ActiveCfg = Debug|Any CPU
		{76280C1D-D693-42BE-BD8C-0CCB09C96AF1}.Debug|Any CPU.Build.0 = Debug|Any CPU
		{76280C1D-D693-42BE-BD8C-0CCB09C96AF1}.Release|Any CPU.ActiveCfg = Release|Any CPU
		{76280C1D-D693-42BE-BD8C-0CCB09C96AF1}.Release|Any CPU.Build.0 = Release|Any CPU
	EndGlobalSection
	GlobalSection(SolutionProperties) = preSolution
		HideSolutionNode = FALSE
	EndGlobalSection
	GlobalSection(ExtensibilityGlobals) = postSolution
		SolutionGuid = {048A50BA-0624-48FE-BAEF-E67C8C69546B}
	EndGlobalSection
EndGlobal
