
Microsoft Visual Studio Solution File, Format Version 12.00
# Visual Studio Version 17
VisualStudioVersion = 17.1.32228.430
MinimumVisualStudioVersion = 10.0.40219.1
Project("{9A19103F-16F7-4668-BE54-9A1E7A4F7556}") = "P09_MultiplyEvensbyOdds", "P09_MultiplyEvensbyOdds\P09_MultiplyEvensbyOdds.csproj", "{B4679980-9769-4E25-92E6-8DE5D88EF533}"
EndProject
Project("{9A19103F-16F7-4668-BE54-9A1E7A4F7556}") = "P10_RepeatString", "P10_RepeatString\P10_RepeatString.csproj", "{B67AE2B3-7617-4566-BC03-5B698155C508}"
EndProject
Project("{9A19103F-16F7-4668-BE54-9A1E7A4F7556}") = "P11_MathOperations", "P11_MathOperations\P11_MathOperations.csproj", "{4576F2BF-527A-43FC-8508-FF29841A6E94}"
EndProject
Project("{9A19103F-16F7-4668-BE54-9A1E7A4F7556}") = "P01_SignOfIntegerNumbers", "P01_SignOfIntegerNumbers\P01_SignOfIntegerNumbers.csproj", "{E78966E8-210C-4C38-90FB-A3148FFCD93A}"
EndProject
Project("{9A19103F-16F7-4668-BE54-9A1E7A4F7556}") = "P02_Grades", "P02_Grades\P02_Grades.csproj", "{526C38F0-CAB9-40A5-9BE4-6D3AA2C174AA}"
EndProject
Project("{9A19103F-16F7-4668-BE54-9A1E7A4F7556}") = "P03_Calculations", "P03_Calculations\P03_Calculations.csproj", "{2CBE8B68-95C3-4B0D-B268-BA86E33E78A6}"
EndProject
Project("{9A19103F-16F7-4668-BE54-9A1E7A4F7556}") = "P04_PrintingTriangle", "P04_PrintingTriangle\P04_PrintingTriangle.csproj", "{4F3D17E4-9BA7-4232-BA6B-5737D7566C3D}"
EndProject
Project("{9A19103F-16F7-4668-BE54-9A1E7A4F7556}") = "P05_Orders", "P05_Orders\P05_Orders.csproj", "{FA51C9CD-AA61-493F-8E87-A3B14B6E2C6F}"
EndProject
Project("{9A19103F-16F7-4668-BE54-9A1E7A4F7556}") = "P06_CalculateRectangleArea", "P06_CalculateRectangleArea\P06_CalculateRectangleArea.csproj", "{AC6C122B-172D-4BBA-B48A-04B28434C03C}"
EndProject
Project("{9A19103F-16F7-4668-BE54-9A1E7A4F7556}") = "P07_MathPower", "P07_MathPower\P07_MathPower.csproj", "{1CC5737E-1AB2-496B-BE1B-45CAF08C1329}"
EndProject
Project("{9A19103F-16F7-4668-BE54-9A1E7A4F7556}") = "P08_GreaterOfTwoValues", "P08_GreaterOfTwoValues\P08_GreaterOfTwoValues.csproj", "{286BCBF9-177D-4A19-9C8C-3CBDB28EB38A}"
EndProject
Global
	GlobalSection(SolutionConfigurationPlatforms) = preSolution
		Debug|Any CPU = Debug|Any CPU
		Release|Any CPU = Release|Any CPU
	EndGlobalSection
	GlobalSection(ProjectConfigurationPlatforms) = postSolution
		{B4679980-9769-4E25-92E6-8DE5D88EF533}.Debug|Any CPU.ActiveCfg = Debug|Any CPU
		{B4679980-9769-4E25-92E6-8DE5D88EF533}.Debug|Any CPU.Build.0 = Debug|Any CPU
		{B4679980-9769-4E25-92E6-8DE5D88EF533}.Release|Any CPU.ActiveCfg = Release|Any CPU
		{B4679980-9769-4E25-92E6-8DE5D88EF533}.Release|Any CPU.Build.0 = Release|Any CPU
		{B67AE2B3-7617-4566-BC03-5B698155C508}.Debug|Any CPU.ActiveCfg = Debug|Any CPU
		{B67AE2B3-7617-4566-BC03-5B698155C508}.Debug|Any CPU.Build.0 = Debug|Any CPU
		{B67AE2B3-7617-4566-BC03-5B698155C508}.Release|Any CPU.ActiveCfg = Release|Any CPU
		{B67AE2B3-7617-4566-BC03-5B698155C508}.Release|Any CPU.Build.0 = Release|Any CPU
		{4576F2BF-527A-43FC-8508-FF29841A6E94}.Debug|Any CPU.ActiveCfg = Debug|Any CPU
		{4576F2BF-527A-43FC-8508-FF29841A6E94}.Debug|Any CPU.Build.0 = Debug|Any CPU
		{4576F2BF-527A-43FC-8508-FF29841A6E94}.Release|Any CPU.ActiveCfg = Release|Any CPU
		{4576F2BF-527A-43FC-8508-FF29841A6E94}.Release|Any CPU.Build.0 = Release|Any CPU
		{E78966E8-210C-4C38-90FB-A3148FFCD93A}.Debug|Any CPU.ActiveCfg = Debug|Any CPU
		{E78966E8-210C-4C38-90FB-A3148FFCD93A}.Debug|Any CPU.Build.0 = Debug|Any CPU
		{E78966E8-210C-4C38-90FB-A3148FFCD93A}.Release|Any CPU.ActiveCfg = Release|Any CPU
		{E78966E8-210C-4C38-90FB-A3148FFCD93A}.Release|Any CPU.Build.0 = Release|Any CPU
		{526C38F0-CAB9-40A5-9BE4-6D3AA2C174AA}.Debug|Any CPU.ActiveCfg = Debug|Any CPU
		{526C38F0-CAB9-40A5-9BE4-6D3AA2C174AA}.Debug|Any CPU.Build.0 = Debug|Any CPU
		{526C38F0-CAB9-40A5-9BE4-6D3AA2C174AA}.Release|Any CPU.ActiveCfg = Release|Any CPU
		{526C38F0-CAB9-40A5-9BE4-6D3AA2C174AA}.Release|Any CPU.Build.0 = Release|Any CPU
		{2CBE8B68-95C3-4B0D-B268-BA86E33E78A6}.Debug|Any CPU.ActiveCfg = Debug|Any CPU
		{2CBE8B68-95C3-4B0D-B268-BA86E33E78A6}.Debug|Any CPU.Build.0 = Debug|Any CPU
		{2CBE8B68-95C3-4B0D-B268-BA86E33E78A6}.Release|Any CPU.ActiveCfg = Release|Any CPU
		{2CBE8B68-95C3-4B0D-B268-BA86E33E78A6}.Release|Any CPU.Build.0 = Release|Any CPU
		{4F3D17E4-9BA7-4232-BA6B-5737D7566C3D}.Debug|Any CPU.ActiveCfg = Debug|Any CPU
		{4F3D17E4-9BA7-4232-BA6B-5737D7566C3D}.Debug|Any CPU.Build.0 = Debug|Any CPU
		{4F3D17E4-9BA7-4232-BA6B-5737D7566C3D}.Release|Any CPU.ActiveCfg = Release|Any CPU
		{4F3D17E4-9BA7-4232-BA6B-5737D7566C3D}.Release|Any CPU.Build.0 = Release|Any CPU
		{FA51C9CD-AA61-493F-8E87-A3B14B6E2C6F}.Debug|Any CPU.ActiveCfg = Debug|Any CPU
		{FA51C9CD-AA61-493F-8E87-A3B14B6E2C6F}.Debug|Any CPU.Build.0 = Debug|Any CPU
		{FA51C9CD-AA61-493F-8E87-A3B14B6E2C6F}.Release|Any CPU.ActiveCfg = Release|Any CPU
		{FA51C9CD-AA61-493F-8E87-A3B14B6E2C6F}.Release|Any CPU.Build.0 = Release|Any CPU
		{AC6C122B-172D-4BBA-B48A-04B28434C03C}.Debug|Any CPU.ActiveCfg = Debug|Any CPU
		{AC6C122B-172D-4BBA-B48A-04B28434C03C}.Debug|Any CPU.Build.0 = Debug|Any CPU
		{AC6C122B-172D-4BBA-B48A-04B28434C03C}.Release|Any CPU.ActiveCfg = Release|Any CPU
		{AC6C122B-172D-4BBA-B48A-04B28434C03C}.Release|Any CPU.Build.0 = Release|Any CPU
		{1CC5737E-1AB2-496B-BE1B-45CAF08C1329}.Debug|Any CPU.ActiveCfg = Debug|Any CPU
		{1CC5737E-1AB2-496B-BE1B-45CAF08C1329}.Debug|Any CPU.Build.0 = Debug|Any CPU
		{1CC5737E-1AB2-496B-BE1B-45CAF08C1329}.Release|Any CPU.ActiveCfg = Release|Any CPU
		{1CC5737E-1AB2-496B-BE1B-45CAF08C1329}.Release|Any CPU.Build.0 = Release|Any CPU
		{286BCBF9-177D-4A19-9C8C-3CBDB28EB38A}.Debug|Any CPU.ActiveCfg = Debug|Any CPU
		{286BCBF9-177D-4A19-9C8C-3CBDB28EB38A}.Debug|Any CPU.Build.0 = Debug|Any CPU
		{286BCBF9-177D-4A19-9C8C-3CBDB28EB38A}.Release|Any CPU.ActiveCfg = Release|Any CPU
		{286BCBF9-177D-4A19-9C8C-3CBDB28EB38A}.Release|Any CPU.Build.0 = Release|Any CPU
	EndGlobalSection
	GlobalSection(SolutionProperties) = preSolution
		HideSolutionNode = FALSE
	EndGlobalSection
	GlobalSection(ExtensibilityGlobals) = postSolution
		SolutionGuid = {EAAA5C1A-73DF-4BA4-A58C-0A3FB4C61160}
	EndGlobalSection
EndGlobal
