
Microsoft Visual Studio Solution File, Format Version 12.00
# Visual Studio 15
VisualStudioVersion = 15.0.28010.2036
MinimumVisualStudioVersion = 10.0.40219.1
Project("{9A19103F-16F7-4668-BE54-9A1E7A4F7556}") = "P01_Dictionary", "P01_Dictionary\P01_Dictionary.csproj", "{8E19986E-980C-4650-BEB7-B7B671E2DBE6}"
EndProject
Project("{9A19103F-16F7-4668-BE54-9A1E7A4F7556}") = "P02_Deciphering", "P02_Deciphering\P02_Deciphering.csproj", "{F831847F-8641-4D3D-8DEE-BC8F91749B8B}"
EndProject
Project("{9A19103F-16F7-4668-BE54-9A1E7A4F7556}") = "P03_ChoreWars", "P03_ChoreWars\P03_ChoreWars.csproj", "{9463FD9B-7E7C-455D-AAD4-61FB2D45EE8B}"
EndProject
Project("{9A19103F-16F7-4668-BE54-9A1E7A4F7556}") = "P04_MeTubeStatistics", "P04_MeTubeStatistics\P04_MeTubeStatistics.csproj", "{EB5F353A-877C-4A40-8F62-5F823A763CB3}"
EndProject
Project("{FAE04EC0-301F-11D3-BF4B-00C04F79EFBC}") = "P04_IronGirder", "P04_IronGirder\P04_IronGirder.csproj", "{F2329807-5DA1-486C-9B71-6A18F54383AC}"
EndProject
Project("{FAE04EC0-301F-11D3-BF4B-00C04F79EFBC}") = "P03_PostOffice", "P03_PostOffice\P03_PostOffice.csproj", "{4FC73240-1D97-44B3-B919-9498CA3F5C48}"
EndProject
Global
	GlobalSection(SolutionConfigurationPlatforms) = preSolution
		Debug|Any CPU = Debug|Any CPU
		Release|Any CPU = Release|Any CPU
	EndGlobalSection
	GlobalSection(ProjectConfigurationPlatforms) = postSolution
		{8E19986E-980C-4650-BEB7-B7B671E2DBE6}.Debug|Any CPU.ActiveCfg = Debug|Any CPU
		{8E19986E-980C-4650-BEB7-B7B671E2DBE6}.Debug|Any CPU.Build.0 = Debug|Any CPU
		{8E19986E-980C-4650-BEB7-B7B671E2DBE6}.Release|Any CPU.ActiveCfg = Release|Any CPU
		{8E19986E-980C-4650-BEB7-B7B671E2DBE6}.Release|Any CPU.Build.0 = Release|Any CPU
		{F831847F-8641-4D3D-8DEE-BC8F91749B8B}.Debug|Any CPU.ActiveCfg = Debug|Any CPU
		{F831847F-8641-4D3D-8DEE-BC8F91749B8B}.Debug|Any CPU.Build.0 = Debug|Any CPU
		{F831847F-8641-4D3D-8DEE-BC8F91749B8B}.Release|Any CPU.ActiveCfg = Release|Any CPU
		{F831847F-8641-4D3D-8DEE-BC8F91749B8B}.Release|Any CPU.Build.0 = Release|Any CPU
		{9463FD9B-7E7C-455D-AAD4-61FB2D45EE8B}.Debug|Any CPU.ActiveCfg = Debug|Any CPU
		{9463FD9B-7E7C-455D-AAD4-61FB2D45EE8B}.Debug|Any CPU.Build.0 = Debug|Any CPU
		{9463FD9B-7E7C-455D-AAD4-61FB2D45EE8B}.Release|Any CPU.ActiveCfg = Release|Any CPU
		{9463FD9B-7E7C-455D-AAD4-61FB2D45EE8B}.Release|Any CPU.Build.0 = Release|Any CPU
		{EB5F353A-877C-4A40-8F62-5F823A763CB3}.Debug|Any CPU.ActiveCfg = Debug|Any CPU
		{EB5F353A-877C-4A40-8F62-5F823A763CB3}.Debug|Any CPU.Build.0 = Debug|Any CPU
		{EB5F353A-877C-4A40-8F62-5F823A763CB3}.Release|Any CPU.ActiveCfg = Release|Any CPU
		{EB5F353A-877C-4A40-8F62-5F823A763CB3}.Release|Any CPU.Build.0 = Release|Any CPU
		{F2329807-5DA1-486C-9B71-6A18F54383AC}.Debug|Any CPU.ActiveCfg = Debug|Any CPU
		{F2329807-5DA1-486C-9B71-6A18F54383AC}.Debug|Any CPU.Build.0 = Debug|Any CPU
		{F2329807-5DA1-486C-9B71-6A18F54383AC}.Release|Any CPU.ActiveCfg = Release|Any CPU
		{F2329807-5DA1-486C-9B71-6A18F54383AC}.Release|Any CPU.Build.0 = Release|Any CPU
		{4FC73240-1D97-44B3-B919-9498CA3F5C48}.Debug|Any CPU.ActiveCfg = Debug|Any CPU
		{4FC73240-1D97-44B3-B919-9498CA3F5C48}.Debug|Any CPU.Build.0 = Debug|Any CPU
		{4FC73240-1D97-44B3-B919-9498CA3F5C48}.Release|Any CPU.ActiveCfg = Release|Any CPU
		{4FC73240-1D97-44B3-B919-9498CA3F5C48}.Release|Any CPU.Build.0 = Release|Any CPU
	EndGlobalSection
	GlobalSection(SolutionProperties) = preSolution
		HideSolutionNode = FALSE
	EndGlobalSection
	GlobalSection(ExtensibilityGlobals) = postSolution
		SolutionGuid = {DB5E2CA1-38CC-4ECC-9F71-1CFE2EF15504}
	EndGlobalSection
EndGlobal
