
Microsoft Visual Studio Solution File, Format Version 12.00
# Visual Studio 15
VisualStudioVersion = 15.0.28010.2036
MinimumVisualStudioVersion = 10.0.40219.1
Project("{9A19103F-16F7-4668-BE54-9A1E7A4F7556}") = "SumDigits", "SumDigits\SumDigits.csproj", "{265965ED-1596-4CA8-8081-7EA015E3BA52}"
EndProject
Project("{9A19103F-16F7-4668-BE54-9A1E7A4F7556}") = "CharsToString", "CharsToString\CharsToString.csproj", "{B51DBBBD-1D86-4588-B662-B607C3DFFF06}"
EndProject
Project("{9A19103F-16F7-4668-BE54-9A1E7A4F7556}") = "TownInfo", "TownInfo\TownInfo.csproj", "{B5962064-1CD5-4C88-8040-6C466977677C}"
EndProject
Project("{9A19103F-16F7-4668-BE54-9A1E7A4F7556}") = "ConvertMetersToKilometers", "ConvertMetersToKilometers\ConvertMetersToKilometers.csproj", "{26450FC3-E731-466C-9BFA-4756A431F091}"
EndProject
Project("{9A19103F-16F7-4668-BE54-9A1E7A4F7556}") = "PoundsToDollars", "PoundsToDollars\PoundsToDollars.csproj", "{087A8E9D-AA5D-4704-A80D-5966357DA718}"
EndProject
Project("{9A19103F-16F7-4668-BE54-9A1E7A4F7556}") = "ReversedChars", "ReversedChars\ReversedChars.csproj", "{A31F69FD-EFD9-47B0-A9F9-E41D62AD99F6}"
EndProject
Project("{9A19103F-16F7-4668-BE54-9A1E7A4F7556}") = "LowerOrUpper", "LowerOrUpper\LowerOrUpper.csproj", "{1E9A274B-B16E-4B6E-AC30-9C372502574B}"
EndProject
Project("{9A19103F-16F7-4668-BE54-9A1E7A4F7556}") = "Snowballs", "Snowballs\Snowballs.csproj", "{B541D61B-1118-4872-B1F9-52784ACA8193}"
EndProject
Project("{9A19103F-16F7-4668-BE54-9A1E7A4F7556}") = "PokeMon", "PokeMon\PokeMon.csproj", "{8BCF14BB-0C09-4430-9159-DF373D0D5F12}"
EndProject
Project("{FAE04EC0-301F-11D3-BF4B-00C04F79EFBC}") = "MoreExercise01_DataTypeFinder", "MoreExercise01_DataTypeFinder\MoreExercise01_DataTypeFinder.csproj", "{BAD14274-AC14-45AB-A8A8-F58E5086B5C6}"
EndProject
Project("{FAE04EC0-301F-11D3-BF4B-00C04F79EFBC}") = "MoreExercise02_FromLefttoTheRight", "MoreExercise02_FromLefttoTheRight\MoreExercise02_FromLefttoTheRight.csproj", "{B6AF7039-092F-45D4-85BC-14BDB0665DD3}"
EndProject
Project("{FAE04EC0-301F-11D3-BF4B-00C04F79EFBC}") = "MoreExercise03_ExchangeIntegers", "MoreExercise03_ExchangeIntegers\MoreExercise03_ExchangeIntegers.csproj", "{8814245F-C38F-4D76-9E30-54188F5A3539}"
EndProject
Project("{FAE04EC0-301F-11D3-BF4B-00C04F79EFBC}") = "MoreExercise04_FloatingEquality", "MoreExercise04_FloatingEquality\MoreExercise04_FloatingEquality.csproj", "{2166BDBC-123F-414A-8820-BE3D8A6B6AF8}"
EndProject
Project("{FAE04EC0-301F-11D3-BF4B-00C04F79EFBC}") = "MoreExercise05_RefactoringPrimeChecker", "MoreExercise05_RefactoringPrimeChecker\MoreExercise05_RefactoringPrimeChecker.csproj", "{A59C34B6-3DB0-4B61-ACDF-973882AFD2A8}"
EndProject
Global
	GlobalSection(SolutionConfigurationPlatforms) = preSolution
		Debug|Any CPU = Debug|Any CPU
		Release|Any CPU = Release|Any CPU
	EndGlobalSection
	GlobalSection(ProjectConfigurationPlatforms) = postSolution
		{265965ED-1596-4CA8-8081-7EA015E3BA52}.Debug|Any CPU.ActiveCfg = Debug|Any CPU
		{265965ED-1596-4CA8-8081-7EA015E3BA52}.Debug|Any CPU.Build.0 = Debug|Any CPU
		{265965ED-1596-4CA8-8081-7EA015E3BA52}.Release|Any CPU.ActiveCfg = Release|Any CPU
		{265965ED-1596-4CA8-8081-7EA015E3BA52}.Release|Any CPU.Build.0 = Release|Any CPU
		{B51DBBBD-1D86-4588-B662-B607C3DFFF06}.Debug|Any CPU.ActiveCfg = Debug|Any CPU
		{B51DBBBD-1D86-4588-B662-B607C3DFFF06}.Debug|Any CPU.Build.0 = Debug|Any CPU
		{B51DBBBD-1D86-4588-B662-B607C3DFFF06}.Release|Any CPU.ActiveCfg = Release|Any CPU
		{B51DBBBD-1D86-4588-B662-B607C3DFFF06}.Release|Any CPU.Build.0 = Release|Any CPU
		{B5962064-1CD5-4C88-8040-6C466977677C}.Debug|Any CPU.ActiveCfg = Debug|Any CPU
		{B5962064-1CD5-4C88-8040-6C466977677C}.Debug|Any CPU.Build.0 = Debug|Any CPU
		{B5962064-1CD5-4C88-8040-6C466977677C}.Release|Any CPU.ActiveCfg = Release|Any CPU
		{B5962064-1CD5-4C88-8040-6C466977677C}.Release|Any CPU.Build.0 = Release|Any CPU
		{26450FC3-E731-466C-9BFA-4756A431F091}.Debug|Any CPU.ActiveCfg = Debug|Any CPU
		{26450FC3-E731-466C-9BFA-4756A431F091}.Debug|Any CPU.Build.0 = Debug|Any CPU
		{26450FC3-E731-466C-9BFA-4756A431F091}.Release|Any CPU.ActiveCfg = Release|Any CPU
		{26450FC3-E731-466C-9BFA-4756A431F091}.Release|Any CPU.Build.0 = Release|Any CPU
		{087A8E9D-AA5D-4704-A80D-5966357DA718}.Debug|Any CPU.ActiveCfg = Debug|Any CPU
		{087A8E9D-AA5D-4704-A80D-5966357DA718}.Debug|Any CPU.Build.0 = Debug|Any CPU
		{087A8E9D-AA5D-4704-A80D-5966357DA718}.Release|Any CPU.ActiveCfg = Release|Any CPU
		{087A8E9D-AA5D-4704-A80D-5966357DA718}.Release|Any CPU.Build.0 = Release|Any CPU
		{A31F69FD-EFD9-47B0-A9F9-E41D62AD99F6}.Debug|Any CPU.ActiveCfg = Debug|Any CPU
		{A31F69FD-EFD9-47B0-A9F9-E41D62AD99F6}.Debug|Any CPU.Build.0 = Debug|Any CPU
		{A31F69FD-EFD9-47B0-A9F9-E41D62AD99F6}.Release|Any CPU.ActiveCfg = Release|Any CPU
		{A31F69FD-EFD9-47B0-A9F9-E41D62AD99F6}.Release|Any CPU.Build.0 = Release|Any CPU
		{1E9A274B-B16E-4B6E-AC30-9C372502574B}.Debug|Any CPU.ActiveCfg = Debug|Any CPU
		{1E9A274B-B16E-4B6E-AC30-9C372502574B}.Debug|Any CPU.Build.0 = Debug|Any CPU
		{1E9A274B-B16E-4B6E-AC30-9C372502574B}.Release|Any CPU.ActiveCfg = Release|Any CPU
		{1E9A274B-B16E-4B6E-AC30-9C372502574B}.Release|Any CPU.Build.0 = Release|Any CPU
		{B541D61B-1118-4872-B1F9-52784ACA8193}.Debug|Any CPU.ActiveCfg = Debug|Any CPU
		{B541D61B-1118-4872-B1F9-52784ACA8193}.Debug|Any CPU.Build.0 = Debug|Any CPU
		{B541D61B-1118-4872-B1F9-52784ACA8193}.Release|Any CPU.ActiveCfg = Release|Any CPU
		{B541D61B-1118-4872-B1F9-52784ACA8193}.Release|Any CPU.Build.0 = Release|Any CPU
		{8BCF14BB-0C09-4430-9159-DF373D0D5F12}.Debug|Any CPU.ActiveCfg = Debug|Any CPU
		{8BCF14BB-0C09-4430-9159-DF373D0D5F12}.Debug|Any CPU.Build.0 = Debug|Any CPU
		{8BCF14BB-0C09-4430-9159-DF373D0D5F12}.Release|Any CPU.ActiveCfg = Release|Any CPU
		{8BCF14BB-0C09-4430-9159-DF373D0D5F12}.Release|Any CPU.Build.0 = Release|Any CPU
		{BAD14274-AC14-45AB-A8A8-F58E5086B5C6}.Debug|Any CPU.ActiveCfg = Debug|Any CPU
		{BAD14274-AC14-45AB-A8A8-F58E5086B5C6}.Debug|Any CPU.Build.0 = Debug|Any CPU
		{BAD14274-AC14-45AB-A8A8-F58E5086B5C6}.Release|Any CPU.ActiveCfg = Release|Any CPU
		{BAD14274-AC14-45AB-A8A8-F58E5086B5C6}.Release|Any CPU.Build.0 = Release|Any CPU
		{B6AF7039-092F-45D4-85BC-14BDB0665DD3}.Debug|Any CPU.ActiveCfg = Debug|Any CPU
		{B6AF7039-092F-45D4-85BC-14BDB0665DD3}.Debug|Any CPU.Build.0 = Debug|Any CPU
		{B6AF7039-092F-45D4-85BC-14BDB0665DD3}.Release|Any CPU.ActiveCfg = Release|Any CPU
		{B6AF7039-092F-45D4-85BC-14BDB0665DD3}.Release|Any CPU.Build.0 = Release|Any CPU
		{8814245F-C38F-4D76-9E30-54188F5A3539}.Debug|Any CPU.ActiveCfg = Debug|Any CPU
		{8814245F-C38F-4D76-9E30-54188F5A3539}.Debug|Any CPU.Build.0 = Debug|Any CPU
		{8814245F-C38F-4D76-9E30-54188F5A3539}.Release|Any CPU.ActiveCfg = Release|Any CPU
		{8814245F-C38F-4D76-9E30-54188F5A3539}.Release|Any CPU.Build.0 = Release|Any CPU
		{2166BDBC-123F-414A-8820-BE3D8A6B6AF8}.Debug|Any CPU.ActiveCfg = Debug|Any CPU
		{2166BDBC-123F-414A-8820-BE3D8A6B6AF8}.Debug|Any CPU.Build.0 = Debug|Any CPU
		{2166BDBC-123F-414A-8820-BE3D8A6B6AF8}.Release|Any CPU.ActiveCfg = Release|Any CPU
		{2166BDBC-123F-414A-8820-BE3D8A6B6AF8}.Release|Any CPU.Build.0 = Release|Any CPU
		{A59C34B6-3DB0-4B61-ACDF-973882AFD2A8}.Debug|Any CPU.ActiveCfg = Debug|Any CPU
		{A59C34B6-3DB0-4B61-ACDF-973882AFD2A8}.Debug|Any CPU.Build.0 = Debug|Any CPU
		{A59C34B6-3DB0-4B61-ACDF-973882AFD2A8}.Release|Any CPU.ActiveCfg = Release|Any CPU
		{A59C34B6-3DB0-4B61-ACDF-973882AFD2A8}.Release|Any CPU.Build.0 = Release|Any CPU
	EndGlobalSection
	GlobalSection(SolutionProperties) = preSolution
		HideSolutionNode = FALSE
	EndGlobalSection
	GlobalSection(ExtensibilityGlobals) = postSolution
		SolutionGuid = {2D33B577-4E61-4BE0-8083-F7A6F7EE7886}
	EndGlobalSection
EndGlobal
