
Microsoft Visual Studio Solution File, Format Version 12.00
# Visual Studio Version 17
VisualStudioVersion = 17.1.32228.430
MinimumVisualStudioVersion = 10.0.40219.1
Project("{9A19103F-16F7-4668-BE54-9A1E7A4F7556}") = "P01_DayOfWeek", "P01_DayOfWeek\P01_DayOfWeek.csproj", "{2B94A56F-3845-4D51-B362-9873D7DF40FC}"
EndProject
Project("{9A19103F-16F7-4668-BE54-9A1E7A4F7556}") = "P02_RandomizeWords", "P02_RandomizeWords\P02_RandomizeWords.csproj", "{4B5E301B-5046-4122-A1B3-106D9A01760E}"
EndProject
Project("{9A19103F-16F7-4668-BE54-9A1E7A4F7556}") = "P03_BigFactorial", "P03_BigFactorial\P03_BigFactorial.csproj", "{77F7AFCC-5DD4-468D-8BA1-FEE77078C14E}"
EndProject
Project("{9A19103F-16F7-4668-BE54-9A1E7A4F7556}") = "P04_Songs", "P04_Songs\P04_Songs.csproj", "{322C1B36-C7F9-4005-A53C-DD7303015432}"
EndProject
Project("{9A19103F-16F7-4668-BE54-9A1E7A4F7556}") = "P05_Students", "P05_Students\P05_Students.csproj", "{7A2E7BF8-0DE0-4B66-8D9C-0681C3523623}"
EndProject
Project("{9A19103F-16F7-4668-BE54-9A1E7A4F7556}") = "P07_StoreBoxes", "P07_StoreBoxes\P07_StoreBoxes.csproj", "{AC785D80-7162-475E-9F07-A4E700378E28}"
EndProject
Project("{9A19103F-16F7-4668-BE54-9A1E7A4F7556}") = "P08_VehicleCatalogue", "P08_VehicleCatalogue\P08_VehicleCatalogue.csproj", "{1800671F-D7D4-4BAC-82FB-6B75BBA53719}"
EndProject
Global
	GlobalSection(SolutionConfigurationPlatforms) = preSolution
		Debug|Any CPU = Debug|Any CPU
		Release|Any CPU = Release|Any CPU
	EndGlobalSection
	GlobalSection(ProjectConfigurationPlatforms) = postSolution
		{2B94A56F-3845-4D51-B362-9873D7DF40FC}.Debug|Any CPU.ActiveCfg = Debug|Any CPU
		{2B94A56F-3845-4D51-B362-9873D7DF40FC}.Debug|Any CPU.Build.0 = Debug|Any CPU
		{2B94A56F-3845-4D51-B362-9873D7DF40FC}.Release|Any CPU.ActiveCfg = Release|Any CPU
		{2B94A56F-3845-4D51-B362-9873D7DF40FC}.Release|Any CPU.Build.0 = Release|Any CPU
		{4B5E301B-5046-4122-A1B3-106D9A01760E}.Debug|Any CPU.ActiveCfg = Debug|Any CPU
		{4B5E301B-5046-4122-A1B3-106D9A01760E}.Debug|Any CPU.Build.0 = Debug|Any CPU
		{4B5E301B-5046-4122-A1B3-106D9A01760E}.Release|Any CPU.ActiveCfg = Release|Any CPU
		{4B5E301B-5046-4122-A1B3-106D9A01760E}.Release|Any CPU.Build.0 = Release|Any CPU
		{77F7AFCC-5DD4-468D-8BA1-FEE77078C14E}.Debug|Any CPU.ActiveCfg = Debug|Any CPU
		{77F7AFCC-5DD4-468D-8BA1-FEE77078C14E}.Debug|Any CPU.Build.0 = Debug|Any CPU
		{77F7AFCC-5DD4-468D-8BA1-FEE77078C14E}.Release|Any CPU.ActiveCfg = Release|Any CPU
		{77F7AFCC-5DD4-468D-8BA1-FEE77078C14E}.Release|Any CPU.Build.0 = Release|Any CPU
		{322C1B36-C7F9-4005-A53C-DD7303015432}.Debug|Any CPU.ActiveCfg = Debug|Any CPU
		{322C1B36-C7F9-4005-A53C-DD7303015432}.Debug|Any CPU.Build.0 = Debug|Any CPU
		{322C1B36-C7F9-4005-A53C-DD7303015432}.Release|Any CPU.ActiveCfg = Release|Any CPU
		{322C1B36-C7F9-4005-A53C-DD7303015432}.Release|Any CPU.Build.0 = Release|Any CPU
		{7A2E7BF8-0DE0-4B66-8D9C-0681C3523623}.Debug|Any CPU.ActiveCfg = Debug|Any CPU
		{7A2E7BF8-0DE0-4B66-8D9C-0681C3523623}.Debug|Any CPU.Build.0 = Debug|Any CPU
		{7A2E7BF8-0DE0-4B66-8D9C-0681C3523623}.Release|Any CPU.ActiveCfg = Release|Any CPU
		{7A2E7BF8-0DE0-4B66-8D9C-0681C3523623}.Release|Any CPU.Build.0 = Release|Any CPU
		{AC785D80-7162-475E-9F07-A4E700378E28}.Debug|Any CPU.ActiveCfg = Debug|Any CPU
		{AC785D80-7162-475E-9F07-A4E700378E28}.Debug|Any CPU.Build.0 = Debug|Any CPU
		{AC785D80-7162-475E-9F07-A4E700378E28}.Release|Any CPU.ActiveCfg = Release|Any CPU
		{AC785D80-7162-475E-9F07-A4E700378E28}.Release|Any CPU.Build.0 = Release|Any CPU
		{1800671F-D7D4-4BAC-82FB-6B75BBA53719}.Debug|Any CPU.ActiveCfg = Debug|Any CPU
		{1800671F-D7D4-4BAC-82FB-6B75BBA53719}.Debug|Any CPU.Build.0 = Debug|Any CPU
		{1800671F-D7D4-4BAC-82FB-6B75BBA53719}.Release|Any CPU.ActiveCfg = Release|Any CPU
		{1800671F-D7D4-4BAC-82FB-6B75BBA53719}.Release|Any CPU.Build.0 = Release|Any CPU
	EndGlobalSection
	GlobalSection(SolutionProperties) = preSolution
		HideSolutionNode = FALSE
	EndGlobalSection
	GlobalSection(ExtensibilityGlobals) = postSolution
		SolutionGuid = {26A61EB1-D4EA-4947-A1E1-3945204380A3}
	EndGlobalSection
EndGlobal
