
Microsoft Visual Studio Solution File, Format Version 12.00
# Visual Studio Version 17
VisualStudioVersion = 17.1.32228.430
MinimumVisualStudioVersion = 10.0.40219.1
Project("{9A19103F-16F7-4668-BE54-9A1E7A4F7556}") = "P01", "P01\P01.csproj", "{D10280F7-DB69-4E39-A362-870C7AE80814}"
EndProject
Project("{9A19103F-16F7-4668-BE54-9A1E7A4F7556}") = "P02", "P02\P02.csproj", "{4749A960-B283-4164-8F69-6856C873EB2A}"
EndProject
Project("{9A19103F-16F7-4668-BE54-9A1E7A4F7556}") = "P03", "P03\P03.csproj", "{60520527-7B2B-426A-A088-9DCDCC13898E}"
EndProject
Global
	GlobalSection(SolutionConfigurationPlatforms) = preSolution
		Debug|Any CPU = Debug|Any CPU
		Release|Any CPU = Release|Any CPU
	EndGlobalSection
	GlobalSection(ProjectConfigurationPlatforms) = postSolution
		{D10280F7-DB69-4E39-A362-870C7AE80814}.Debug|Any CPU.ActiveCfg = Debug|Any CPU
		{D10280F7-DB69-4E39-A362-870C7AE80814}.Debug|Any CPU.Build.0 = Debug|Any CPU
		{D10280F7-DB69-4E39-A362-870C7AE80814}.Release|Any CPU.ActiveCfg = Release|Any CPU
		{D10280F7-DB69-4E39-A362-870C7AE80814}.Release|Any CPU.Build.0 = Release|Any CPU
		{4749A960-B283-4164-8F69-6856C873EB2A}.Debug|Any CPU.ActiveCfg = Debug|Any CPU
		{4749A960-B283-4164-8F69-6856C873EB2A}.Debug|Any CPU.Build.0 = Debug|Any CPU
		{4749A960-B283-4164-8F69-6856C873EB2A}.Release|Any CPU.ActiveCfg = Release|Any CPU
		{4749A960-B283-4164-8F69-6856C873EB2A}.Release|Any CPU.Build.0 = Release|Any CPU
		{60520527-7B2B-426A-A088-9DCDCC13898E}.Debug|Any CPU.ActiveCfg = Debug|Any CPU
		{60520527-7B2B-426A-A088-9DCDCC13898E}.Debug|Any CPU.Build.0 = Debug|Any CPU
		{60520527-7B2B-426A-A088-9DCDCC13898E}.Release|Any CPU.ActiveCfg = Release|Any CPU
		{60520527-7B2B-426A-A088-9DCDCC13898E}.Release|Any CPU.Build.0 = Release|Any CPU
	EndGlobalSection
	GlobalSection(SolutionProperties) = preSolution
		HideSolutionNode = FALSE
	EndGlobalSection
	GlobalSection(ExtensibilityGlobals) = postSolution
		SolutionGuid = {51FC428B-E455-4492-834A-3F59F8B48B00}
	EndGlobalSection
EndGlobal
