
Microsoft Visual Studio Solution File, Format Version 12.00
# Visual Studio 15
VisualStudioVersion = 15.0.28307.168
MinimumVisualStudioVersion = 10.0.40219.1
Project("{FAE04EC0-301F-11D3-BF4B-00C04F79EFBC}") = "P01", "P01\P01.csproj", "{990653CD-EBCF-4B57-9A4D-447A784F654E}"
EndProject
Project("{FAE04EC0-301F-11D3-BF4B-00C04F79EFBC}") = "P02", "P02\P02.csproj", "{34F67D3B-B15F-421B-88A0-C282A522D4F4}"
EndProject
Project("{FAE04EC0-301F-11D3-BF4B-00C04F79EFBC}") = "P03", "P03\P03.csproj", "{111928BB-7CFC-4B52-9078-5EB17BC288D0}"
EndProject
Project("{FAE04EC0-301F-11D3-BF4B-00C04F79EFBC}") = "P04", "P04\P04.csproj", "{E77E0F17-0A88-438C-9B4E-30ACFD93EE48}"
EndProject
Project("{FAE04EC0-301F-11D3-BF4B-00C04F79EFBC}") = "P05", "P05\P05.csproj", "{78011293-7EA9-47F7-9550-6293B9868E61}"
EndProject
Project("{FAE04EC0-301F-11D3-BF4B-00C04F79EFBC}") = "P06", "P06\P06.csproj", "{DB8EA58A-B8B5-4161-B7F6-FB707BB89A47}"
EndProject
Project("{FAE04EC0-301F-11D3-BF4B-00C04F79EFBC}") = "P07", "P07\P07.csproj", "{A8F20806-FD0E-4B54-87E7-6C716386AE67}"
EndProject
Global
	GlobalSection(SolutionConfigurationPlatforms) = preSolution
		Debug|Any CPU = Debug|Any CPU
		Release|Any CPU = Release|Any CPU
	EndGlobalSection
	GlobalSection(ProjectConfigurationPlatforms) = postSolution
		{990653CD-EBCF-4B57-9A4D-447A784F654E}.Debug|Any CPU.ActiveCfg = Debug|Any CPU
		{990653CD-EBCF-4B57-9A4D-447A784F654E}.Debug|Any CPU.Build.0 = Debug|Any CPU
		{990653CD-EBCF-4B57-9A4D-447A784F654E}.Release|Any CPU.ActiveCfg = Release|Any CPU
		{990653CD-EBCF-4B57-9A4D-447A784F654E}.Release|Any CPU.Build.0 = Release|Any CPU
		{34F67D3B-B15F-421B-88A0-C282A522D4F4}.Debug|Any CPU.ActiveCfg = Debug|Any CPU
		{34F67D3B-B15F-421B-88A0-C282A522D4F4}.Debug|Any CPU.Build.0 = Debug|Any CPU
		{34F67D3B-B15F-421B-88A0-C282A522D4F4}.Release|Any CPU.ActiveCfg = Release|Any CPU
		{34F67D3B-B15F-421B-88A0-C282A522D4F4}.Release|Any CPU.Build.0 = Release|Any CPU
		{111928BB-7CFC-4B52-9078-5EB17BC288D0}.Debug|Any CPU.ActiveCfg = Debug|Any CPU
		{111928BB-7CFC-4B52-9078-5EB17BC288D0}.Debug|Any CPU.Build.0 = Debug|Any CPU
		{111928BB-7CFC-4B52-9078-5EB17BC288D0}.Release|Any CPU.ActiveCfg = Release|Any CPU
		{111928BB-7CFC-4B52-9078-5EB17BC288D0}.Release|Any CPU.Build.0 = Release|Any CPU
		{E77E0F17-0A88-438C-9B4E-30ACFD93EE48}.Debug|Any CPU.ActiveCfg = Debug|Any CPU
		{E77E0F17-0A88-438C-9B4E-30ACFD93EE48}.Debug|Any CPU.Build.0 = Debug|Any CPU
		{E77E0F17-0A88-438C-9B4E-30ACFD93EE48}.Release|Any CPU.ActiveCfg = Release|Any CPU
		{E77E0F17-0A88-438C-9B4E-30ACFD93EE48}.Release|Any CPU.Build.0 = Release|Any CPU
		{78011293-7EA9-47F7-9550-6293B9868E61}.Debug|Any CPU.ActiveCfg = Debug|Any CPU
		{78011293-7EA9-47F7-9550-6293B9868E61}.Debug|Any CPU.Build.0 = Debug|Any CPU
		{78011293-7EA9-47F7-9550-6293B9868E61}.Release|Any CPU.ActiveCfg = Release|Any CPU
		{78011293-7EA9-47F7-9550-6293B9868E61}.Release|Any CPU.Build.0 = Release|Any CPU
		{DB8EA58A-B8B5-4161-B7F6-FB707BB89A47}.Debug|Any CPU.ActiveCfg = Debug|Any CPU
		{DB8EA58A-B8B5-4161-B7F6-FB707BB89A47}.Debug|Any CPU.Build.0 = Debug|Any CPU
		{DB8EA58A-B8B5-4161-B7F6-FB707BB89A47}.Release|Any CPU.ActiveCfg = Release|Any CPU
		{DB8EA58A-B8B5-4161-B7F6-FB707BB89A47}.Release|Any CPU.Build.0 = Release|Any CPU
		{A8F20806-FD0E-4B54-87E7-6C716386AE67}.Debug|Any CPU.ActiveCfg = Debug|Any CPU
		{A8F20806-FD0E-4B54-87E7-6C716386AE67}.Debug|Any CPU.Build.0 = Debug|Any CPU
		{A8F20806-FD0E-4B54-87E7-6C716386AE67}.Release|Any CPU.ActiveCfg = Release|Any CPU
		{A8F20806-FD0E-4B54-87E7-6C716386AE67}.Release|Any CPU.Build.0 = Release|Any CPU
	EndGlobalSection
	GlobalSection(SolutionProperties) = preSolution
		HideSolutionNode = FALSE
	EndGlobalSection
	GlobalSection(ExtensibilityGlobals) = postSolution
		SolutionGuid = {D75BE47C-E0DA-4E28-B106-8C9EFC6A439C}
	EndGlobalSection
EndGlobal
