
Microsoft Visual Studio Solution File, Format Version 12.00
# Visual Studio 15
VisualStudioVersion = 15.0.28307.168
MinimumVisualStudioVersion = 10.0.40219.1
Project("{9A19103F-16F7-4668-BE54-9A1E7A4F7556}") = "P01", "P01\P01.csproj", "{493D3276-0266-487E-A62A-31FAD0FA618A}"
EndProject
Project("{FAE04EC0-301F-11D3-BF4B-00C04F79EFBC}") = "P03", "P03\P03.csproj", "{2C27CB0E-1495-448A-99E6-3BB7630061F2}"
EndProject
Project("{FAE04EC0-301F-11D3-BF4B-00C04F79EFBC}") = "P04", "P04\P04.csproj", "{CAF1DA31-DB47-4FFF-B02F-2EBA0873B9D0}"
EndProject
Project("{FAE04EC0-301F-11D3-BF4B-00C04F79EFBC}") = "P05", "P05\P05.csproj", "{753DD905-625C-4079-A920-1CD4ED2C8119}"
EndProject
Project("{FAE04EC0-301F-11D3-BF4B-00C04F79EFBC}") = "P06", "P06\P06.csproj", "{5C458EA2-C10D-412B-9C4E-C78DB9DFED47}"
EndProject
Global
	GlobalSection(SolutionConfigurationPlatforms) = preSolution
		Debug|Any CPU = Debug|Any CPU
		Release|Any CPU = Release|Any CPU
	EndGlobalSection
	GlobalSection(ProjectConfigurationPlatforms) = postSolution
		{493D3276-0266-487E-A62A-31FAD0FA618A}.Debug|Any CPU.ActiveCfg = Debug|Any CPU
		{493D3276-0266-487E-A62A-31FAD0FA618A}.Debug|Any CPU.Build.0 = Debug|Any CPU
		{493D3276-0266-487E-A62A-31FAD0FA618A}.Release|Any CPU.ActiveCfg = Release|Any CPU
		{493D3276-0266-487E-A62A-31FAD0FA618A}.Release|Any CPU.Build.0 = Release|Any CPU
		{2C27CB0E-1495-448A-99E6-3BB7630061F2}.Debug|Any CPU.ActiveCfg = Debug|Any CPU
		{2C27CB0E-1495-448A-99E6-3BB7630061F2}.Debug|Any CPU.Build.0 = Debug|Any CPU
		{2C27CB0E-1495-448A-99E6-3BB7630061F2}.Release|Any CPU.ActiveCfg = Release|Any CPU
		{2C27CB0E-1495-448A-99E6-3BB7630061F2}.Release|Any CPU.Build.0 = Release|Any CPU
		{CAF1DA31-DB47-4FFF-B02F-2EBA0873B9D0}.Debug|Any CPU.ActiveCfg = Debug|Any CPU
		{CAF1DA31-DB47-4FFF-B02F-2EBA0873B9D0}.Debug|Any CPU.Build.0 = Debug|Any CPU
		{CAF1DA31-DB47-4FFF-B02F-2EBA0873B9D0}.Release|Any CPU.ActiveCfg = Release|Any CPU
		{CAF1DA31-DB47-4FFF-B02F-2EBA0873B9D0}.Release|Any CPU.Build.0 = Release|Any CPU
		{753DD905-625C-4079-A920-1CD4ED2C8119}.Debug|Any CPU.ActiveCfg = Debug|Any CPU
		{753DD905-625C-4079-A920-1CD4ED2C8119}.Debug|Any CPU.Build.0 = Debug|Any CPU
		{753DD905-625C-4079-A920-1CD4ED2C8119}.Release|Any CPU.ActiveCfg = Release|Any CPU
		{753DD905-625C-4079-A920-1CD4ED2C8119}.Release|Any CPU.Build.0 = Release|Any CPU
		{5C458EA2-C10D-412B-9C4E-C78DB9DFED47}.Debug|Any CPU.ActiveCfg = Debug|Any CPU
		{5C458EA2-C10D-412B-9C4E-C78DB9DFED47}.Debug|Any CPU.Build.0 = Debug|Any CPU
		{5C458EA2-C10D-412B-9C4E-C78DB9DFED47}.Release|Any CPU.ActiveCfg = Release|Any CPU
		{5C458EA2-C10D-412B-9C4E-C78DB9DFED47}.Release|Any CPU.Build.0 = Release|Any CPU
	EndGlobalSection
	GlobalSection(SolutionProperties) = preSolution
		HideSolutionNode = FALSE
	EndGlobalSection
	GlobalSection(ExtensibilityGlobals) = postSolution
		SolutionGuid = {2B46A8E7-BC34-49CE-BFAA-D0BECA8BD362}
	EndGlobalSection
EndGlobal
