
Microsoft Visual Studio Solution File, Format Version 12.00
# Visual Studio Version 17
VisualStudioVersion = 17.1.32228.430
MinimumVisualStudioVersion = 10.0.40219.1
Project("{9A19103F-16F7-4668-BE54-9A1E7A4F7556}") = "P01_MatchFullName", "P01_MatchFullName\P01_MatchFullName.csproj", "{506D3026-1F43-4C23-A6C2-4CBEC41358A1}"
EndProject
Project("{9A19103F-16F7-4668-BE54-9A1E7A4F7556}") = "P02_MatchPhoneNumber", "P02_MatchPhoneNumber\P02_MatchPhoneNumber.csproj", "{EF78A8E6-0A2F-4AD5-BA59-C5E2748A8BC9}"
EndProject
Project("{FAE04EC0-301F-11D3-BF4B-00C04F79EFBC}") = "P03_MatchDates", "P03_MatchDates\P03_MatchDates.csproj", "{10C6AE75-5D48-425C-8FE9-E60ACA7E6FB8}"
EndProject
Global
	GlobalSection(SolutionConfigurationPlatforms) = preSolution
		Debug|Any CPU = Debug|Any CPU
		Release|Any CPU = Release|Any CPU
	EndGlobalSection
	GlobalSection(ProjectConfigurationPlatforms) = postSolution
		{506D3026-1F43-4C23-A6C2-4CBEC41358A1}.Debug|Any CPU.ActiveCfg = Debug|Any CPU
		{506D3026-1F43-4C23-A6C2-4CBEC41358A1}.Debug|Any CPU.Build.0 = Debug|Any CPU
		{506D3026-1F43-4C23-A6C2-4CBEC41358A1}.Release|Any CPU.ActiveCfg = Release|Any CPU
		{506D3026-1F43-4C23-A6C2-4CBEC41358A1}.Release|Any CPU.Build.0 = Release|Any CPU
		{EF78A8E6-0A2F-4AD5-BA59-C5E2748A8BC9}.Debug|Any CPU.ActiveCfg = Debug|Any CPU
		{EF78A8E6-0A2F-4AD5-BA59-C5E2748A8BC9}.Debug|Any CPU.Build.0 = Debug|Any CPU
		{EF78A8E6-0A2F-4AD5-BA59-C5E2748A8BC9}.Release|Any CPU.ActiveCfg = Release|Any CPU
		{EF78A8E6-0A2F-4AD5-BA59-C5E2748A8BC9}.Release|Any CPU.Build.0 = Release|Any CPU
		{10C6AE75-5D48-425C-8FE9-E60ACA7E6FB8}.Debug|Any CPU.ActiveCfg = Debug|Any CPU
		{10C6AE75-5D48-425C-8FE9-E60ACA7E6FB8}.Debug|Any CPU.Build.0 = Debug|Any CPU
		{10C6AE75-5D48-425C-8FE9-E60ACA7E6FB8}.Release|Any CPU.ActiveCfg = Release|Any CPU
		{10C6AE75-5D48-425C-8FE9-E60ACA7E6FB8}.Release|Any CPU.Build.0 = Release|Any CPU
	EndGlobalSection
	GlobalSection(SolutionProperties) = preSolution
		HideSolutionNode = FALSE
	EndGlobalSection
	GlobalSection(ExtensibilityGlobals) = postSolution
		SolutionGuid = {4146BFFA-32AA-40FC-9B32-4C6500EA9349}
	EndGlobalSection
EndGlobal
