
Microsoft Visual Studio Solution File, Format Version 12.00
# Visual Studio 15
VisualStudioVersion = 15.0.28010.2036
MinimumVisualStudioVersion = 10.0.40219.1
Project("{FAE04EC0-301F-11D3-BF4B-00C04F79EFBC}") = "P01_CountCharsInAString", "P01_CountCharsInAString\P01_CountCharsInAString.csproj", "{9733C0EF-3E4F-4571-A2DE-6056850E39CE}"
EndProject
Project("{FAE04EC0-301F-11D3-BF4B-00C04F79EFBC}") = "P02_AMinerTask", "P02_AMinerTask\P02_AMinerTask.csproj", "{7FE0233D-FA55-4F4D-9CC1-954AA1E29720}"
EndProject
Project("{FAE04EC0-301F-11D3-BF4B-00C04F79EFBC}") = "P03_LegendaryFarming", "P03_LegendaryFarming\P03_LegendaryFarming.csproj", "{3AC46362-10C8-4F83-ADBF-6C62BABA34F4}"
EndProject
Project("{FAE04EC0-301F-11D3-BF4B-00C04F79EFBC}") = "P04_Orders", "P04_Orders\P04_Orders.csproj", "{19C38110-75DC-4D28-A6FD-141882A40036}"
EndProject
Project("{FAE04EC0-301F-11D3-BF4B-00C04F79EFBC}") = "P05_SoftUniParking", "P05_SoftUniParking\P05_SoftUniParking.csproj", "{3BE2552D-E7C1-4492-BD64-B2F582545411}"
EndProject
Project("{FAE04EC0-301F-11D3-BF4B-00C04F79EFBC}") = "P06_Courses", "P06_Courses\P06_Courses.csproj", "{537011D6-DC7D-4325-981D-9DFF433F36BF}"
EndProject
Project("{FAE04EC0-301F-11D3-BF4B-00C04F79EFBC}") = "P07_StudentAcademy", "P07_StudentAcademy\P07_StudentAcademy.csproj", "{FBBEED07-A99F-4BAB-94FB-C96335CD8004}"
EndProject
Project("{FAE04EC0-301F-11D3-BF4B-00C04F79EFBC}") = "P08_CompanyUsers", "P08_CompanyUsers\P08_CompanyUsers.csproj", "{613EFD41-FF78-4F7B-B7D0-E40EE65C1F4B}"
EndProject
Global
	GlobalSection(SolutionConfigurationPlatforms) = preSolution
		Debug|Any CPU = Debug|Any CPU
		Release|Any CPU = Release|Any CPU
	EndGlobalSection
	GlobalSection(ProjectConfigurationPlatforms) = postSolution
		{9733C0EF-3E4F-4571-A2DE-6056850E39CE}.Debug|Any CPU.ActiveCfg = Debug|Any CPU
		{9733C0EF-3E4F-4571-A2DE-6056850E39CE}.Debug|Any CPU.Build.0 = Debug|Any CPU
		{9733C0EF-3E4F-4571-A2DE-6056850E39CE}.Release|Any CPU.ActiveCfg = Release|Any CPU
		{9733C0EF-3E4F-4571-A2DE-6056850E39CE}.Release|Any CPU.Build.0 = Release|Any CPU
		{7FE0233D-FA55-4F4D-9CC1-954AA1E29720}.Debug|Any CPU.ActiveCfg = Debug|Any CPU
		{7FE0233D-FA55-4F4D-9CC1-954AA1E29720}.Debug|Any CPU.Build.0 = Debug|Any CPU
		{7FE0233D-FA55-4F4D-9CC1-954AA1E29720}.Release|Any CPU.ActiveCfg = Release|Any CPU
		{7FE0233D-FA55-4F4D-9CC1-954AA1E29720}.Release|Any CPU.Build.0 = Release|Any CPU
		{3AC46362-10C8-4F83-ADBF-6C62BABA34F4}.Debug|Any CPU.ActiveCfg = Debug|Any CPU
		{3AC46362-10C8-4F83-ADBF-6C62BABA34F4}.Debug|Any CPU.Build.0 = Debug|Any CPU
		{3AC46362-10C8-4F83-ADBF-6C62BABA34F4}.Release|Any CPU.ActiveCfg = Release|Any CPU
		{3AC46362-10C8-4F83-ADBF-6C62BABA34F4}.Release|Any CPU.Build.0 = Release|Any CPU
		{19C38110-75DC-4D28-A6FD-141882A40036}.Debug|Any CPU.ActiveCfg = Debug|Any CPU
		{19C38110-75DC-4D28-A6FD-141882A40036}.Debug|Any CPU.Build.0 = Debug|Any CPU
		{19C38110-75DC-4D28-A6FD-141882A40036}.Release|Any CPU.ActiveCfg = Release|Any CPU
		{19C38110-75DC-4D28-A6FD-141882A40036}.Release|Any CPU.Build.0 = Release|Any CPU
		{3BE2552D-E7C1-4492-BD64-B2F582545411}.Debug|Any CPU.ActiveCfg = Debug|Any CPU
		{3BE2552D-E7C1-4492-BD64-B2F582545411}.Debug|Any CPU.Build.0 = Debug|Any CPU
		{3BE2552D-E7C1-4492-BD64-B2F582545411}.Release|Any CPU.ActiveCfg = Release|Any CPU
		{3BE2552D-E7C1-4492-BD64-B2F582545411}.Release|Any CPU.Build.0 = Release|Any CPU
		{537011D6-DC7D-4325-981D-9DFF433F36BF}.Debug|Any CPU.ActiveCfg = Debug|Any CPU
		{537011D6-DC7D-4325-981D-9DFF433F36BF}.Debug|Any CPU.Build.0 = Debug|Any CPU
		{537011D6-DC7D-4325-981D-9DFF433F36BF}.Release|Any CPU.ActiveCfg = Release|Any CPU
		{537011D6-DC7D-4325-981D-9DFF433F36BF}.Release|Any CPU.Build.0 = Release|Any CPU
		{FBBEED07-A99F-4BAB-94FB-C96335CD8004}.Debug|Any CPU.ActiveCfg = Debug|Any CPU
		{FBBEED07-A99F-4BAB-94FB-C96335CD8004}.Debug|Any CPU.Build.0 = Debug|Any CPU
		{FBBEED07-A99F-4BAB-94FB-C96335CD8004}.Release|Any CPU.ActiveCfg = Release|Any CPU
		{FBBEED07-A99F-4BAB-94FB-C96335CD8004}.Release|Any CPU.Build.0 = Release|Any CPU
		{613EFD41-FF78-4F7B-B7D0-E40EE65C1F4B}.Debug|Any CPU.ActiveCfg = Debug|Any CPU
		{613EFD41-FF78-4F7B-B7D0-E40EE65C1F4B}.Debug|Any CPU.Build.0 = Debug|Any CPU
		{613EFD41-FF78-4F7B-B7D0-E40EE65C1F4B}.Release|Any CPU.ActiveCfg = Release|Any CPU
		{613EFD41-FF78-4F7B-B7D0-E40EE65C1F4B}.Release|Any CPU.Build.0 = Release|Any CPU
	EndGlobalSection
	GlobalSection(SolutionProperties) = preSolution
		HideSolutionNode = FALSE
	EndGlobalSection
	GlobalSection(ExtensibilityGlobals) = postSolution
		SolutionGuid = {5C9A3F55-159A-4A13-88DF-7D5DA383C818}
	EndGlobalSection
EndGlobal
