
Microsoft Visual Studio Solution File, Format Version 12.00
# Visual Studio 15
VisualStudioVersion = 15.0.28307.168
MinimumVisualStudioVersion = 10.0.40219.1
Project("{FAE04EC0-301F-11D3-BF4B-00C04F79EFBC}") = "P01", "P01\P01.csproj", "{684D7DC1-16E9-4218-8628-803C1F0C123C}"
EndProject
Project("{FAE04EC0-301F-11D3-BF4B-00C04F79EFBC}") = "P02", "P02\P02.csproj", "{650ABE75-284F-4A19-9423-3FBFD9EADE38}"
EndProject
Project("{FAE04EC0-301F-11D3-BF4B-00C04F79EFBC}") = "P03", "P03\P03.csproj", "{B08E63AD-2DB7-482B-9084-BF15C089BA91}"
EndProject
Project("{FAE04EC0-301F-11D3-BF4B-00C04F79EFBC}") = "P04", "P04\P04.csproj", "{26741E07-4A3F-40B2-AB89-5131FB00C9F0}"
EndProject
Project("{FAE04EC0-301F-11D3-BF4B-00C04F79EFBC}") = "P05", "P05\P05.csproj", "{E0269961-E8A7-4703-8369-B3156767A0C7}"
EndProject
Project("{FAE04EC0-301F-11D3-BF4B-00C04F79EFBC}") = "P06", "P06\P06.csproj", "{B647A709-61EE-42D6-90ED-3A5B14693526}"
EndProject
Project("{FAE04EC0-301F-11D3-BF4B-00C04F79EFBC}") = "P07", "P07\P07.csproj", "{D9270FD9-CA83-438A-87E5-9A871C6FDE8A}"
EndProject
Global
	GlobalSection(SolutionConfigurationPlatforms) = preSolution
		Debug|Any CPU = Debug|Any CPU
		Release|Any CPU = Release|Any CPU
	EndGlobalSection
	GlobalSection(ProjectConfigurationPlatforms) = postSolution
		{684D7DC1-16E9-4218-8628-803C1F0C123C}.Debug|Any CPU.ActiveCfg = Debug|Any CPU
		{684D7DC1-16E9-4218-8628-803C1F0C123C}.Debug|Any CPU.Build.0 = Debug|Any CPU
		{684D7DC1-16E9-4218-8628-803C1F0C123C}.Release|Any CPU.ActiveCfg = Release|Any CPU
		{684D7DC1-16E9-4218-8628-803C1F0C123C}.Release|Any CPU.Build.0 = Release|Any CPU
		{650ABE75-284F-4A19-9423-3FBFD9EADE38}.Debug|Any CPU.ActiveCfg = Debug|Any CPU
		{650ABE75-284F-4A19-9423-3FBFD9EADE38}.Debug|Any CPU.Build.0 = Debug|Any CPU
		{650ABE75-284F-4A19-9423-3FBFD9EADE38}.Release|Any CPU.ActiveCfg = Release|Any CPU
		{650ABE75-284F-4A19-9423-3FBFD9EADE38}.Release|Any CPU.Build.0 = Release|Any CPU
		{B08E63AD-2DB7-482B-9084-BF15C089BA91}.Debug|Any CPU.ActiveCfg = Debug|Any CPU
		{B08E63AD-2DB7-482B-9084-BF15C089BA91}.Debug|Any CPU.Build.0 = Debug|Any CPU
		{B08E63AD-2DB7-482B-9084-BF15C089BA91}.Release|Any CPU.ActiveCfg = Release|Any CPU
		{B08E63AD-2DB7-482B-9084-BF15C089BA91}.Release|Any CPU.Build.0 = Release|Any CPU
		{26741E07-4A3F-40B2-AB89-5131FB00C9F0}.Debug|Any CPU.ActiveCfg = Debug|Any CPU
		{26741E07-4A3F-40B2-AB89-5131FB00C9F0}.Debug|Any CPU.Build.0 = Debug|Any CPU
		{26741E07-4A3F-40B2-AB89-5131FB00C9F0}.Release|Any CPU.ActiveCfg = Release|Any CPU
		{26741E07-4A3F-40B2-AB89-5131FB00C9F0}.Release|Any CPU.Build.0 = Release|Any CPU
		{E0269961-E8A7-4703-8369-B3156767A0C7}.Debug|Any CPU.ActiveCfg = Debug|Any CPU
		{E0269961-E8A7-4703-8369-B3156767A0C7}.Debug|Any CPU.Build.0 = Debug|Any CPU
		{E0269961-E8A7-4703-8369-B3156767A0C7}.Release|Any CPU.ActiveCfg = Release|Any CPU
		{E0269961-E8A7-4703-8369-B3156767A0C7}.Release|Any CPU.Build.0 = Release|Any CPU
		{B647A709-61EE-42D6-90ED-3A5B14693526}.Debug|Any CPU.ActiveCfg = Debug|Any CPU
		{B647A709-61EE-42D6-90ED-3A5B14693526}.Debug|Any CPU.Build.0 = Debug|Any CPU
		{B647A709-61EE-42D6-90ED-3A5B14693526}.Release|Any CPU.ActiveCfg = Release|Any CPU
		{B647A709-61EE-42D6-90ED-3A5B14693526}.Release|Any CPU.Build.0 = Release|Any CPU
		{D9270FD9-CA83-438A-87E5-9A871C6FDE8A}.Debug|Any CPU.ActiveCfg = Debug|Any CPU
		{D9270FD9-CA83-438A-87E5-9A871C6FDE8A}.Debug|Any CPU.Build.0 = Debug|Any CPU
		{D9270FD9-CA83-438A-87E5-9A871C6FDE8A}.Release|Any CPU.ActiveCfg = Release|Any CPU
		{D9270FD9-CA83-438A-87E5-9A871C6FDE8A}.Release|Any CPU.Build.0 = Release|Any CPU
	EndGlobalSection
	GlobalSection(SolutionProperties) = preSolution
		HideSolutionNode = FALSE
	EndGlobalSection
	GlobalSection(ExtensibilityGlobals) = postSolution
		SolutionGuid = {4EE1D8A5-9D9C-47A6-A4DB-D462232342C1}
	EndGlobalSection
EndGlobal
