
Microsoft Visual Studio Solution File, Format Version 12.00
# Visual Studio 15
VisualStudioVersion = 15.0.28307.168
MinimumVisualStudioVersion = 10.0.40219.1
Project("{9A19103F-16F7-4668-BE54-9A1E7A4F7556}") = "DefiningClasses", "DefiningClasses\DefiningClasses.csproj", "{91F841C4-09FD-4FD9-95B7-AA0B408319E5}"
EndProject
Project("{FAE04EC0-301F-11D3-BF4B-00C04F79EFBC}") = "P05", "P05\P05.csproj", "{D0CC4D1E-F42E-4767-8A3A-6BD302A9F75B}"
EndProject
Project("{FAE04EC0-301F-11D3-BF4B-00C04F79EFBC}") = "P06", "P06\P06.csproj", "{0B80EBF3-C65A-447F-92F7-B21E7797F458}"
EndProject
Project("{FAE04EC0-301F-11D3-BF4B-00C04F79EFBC}") = "P07", "P07\P07.csproj", "{F1BC5F14-802D-4681-8F2D-4FFE4D351A57}"
EndProject
Project("{FAE04EC0-301F-11D3-BF4B-00C04F79EFBC}") = "P08", "P08\P08.csproj", "{EFAEA1DC-AB2B-4622-A684-F13AFE334308}"
EndProject
Project("{FAE04EC0-301F-11D3-BF4B-00C04F79EFBC}") = "P09", "P09\P09.csproj", "{FFD676F5-E794-40B7-9F92-E858B9DA90E1}"
EndProject
Project("{9A19103F-16F7-4668-BE54-9A1E7A4F7556}") = "SoftUniParking", "SoftUniParking\SoftUniParking.csproj", "{C43DCB46-9E2D-4759-8A70-D8F5C7877876}"
EndProject
Global
	GlobalSection(SolutionConfigurationPlatforms) = preSolution
		Debug|Any CPU = Debug|Any CPU
		Release|Any CPU = Release|Any CPU
	EndGlobalSection
	GlobalSection(ProjectConfigurationPlatforms) = postSolution
		{91F841C4-09FD-4FD9-95B7-AA0B408319E5}.Debug|Any CPU.ActiveCfg = Debug|Any CPU
		{91F841C4-09FD-4FD9-95B7-AA0B408319E5}.Debug|Any CPU.Build.0 = Debug|Any CPU
		{91F841C4-09FD-4FD9-95B7-AA0B408319E5}.Release|Any CPU.ActiveCfg = Release|Any CPU
		{91F841C4-09FD-4FD9-95B7-AA0B408319E5}.Release|Any CPU.Build.0 = Release|Any CPU
		{D0CC4D1E-F42E-4767-8A3A-6BD302A9F75B}.Debug|Any CPU.ActiveCfg = Debug|Any CPU
		{D0CC4D1E-F42E-4767-8A3A-6BD302A9F75B}.Debug|Any CPU.Build.0 = Debug|Any CPU
		{D0CC4D1E-F42E-4767-8A3A-6BD302A9F75B}.Release|Any CPU.ActiveCfg = Release|Any CPU
		{D0CC4D1E-F42E-4767-8A3A-6BD302A9F75B}.Release|Any CPU.Build.0 = Release|Any CPU
		{0B80EBF3-C65A-447F-92F7-B21E7797F458}.Debug|Any CPU.ActiveCfg = Debug|Any CPU
		{0B80EBF3-C65A-447F-92F7-B21E7797F458}.Debug|Any CPU.Build.0 = Debug|Any CPU
		{0B80EBF3-C65A-447F-92F7-B21E7797F458}.Release|Any CPU.ActiveCfg = Release|Any CPU
		{0B80EBF3-C65A-447F-92F7-B21E7797F458}.Release|Any CPU.Build.0 = Release|Any CPU
		{F1BC5F14-802D-4681-8F2D-4FFE4D351A57}.Debug|Any CPU.ActiveCfg = Debug|Any CPU
		{F1BC5F14-802D-4681-8F2D-4FFE4D351A57}.Debug|Any CPU.Build.0 = Debug|Any CPU
		{F1BC5F14-802D-4681-8F2D-4FFE4D351A57}.Release|Any CPU.ActiveCfg = Release|Any CPU
		{F1BC5F14-802D-4681-8F2D-4FFE4D351A57}.Release|Any CPU.Build.0 = Release|Any CPU
		{EFAEA1DC-AB2B-4622-A684-F13AFE334308}.Debug|Any CPU.ActiveCfg = Debug|Any CPU
		{EFAEA1DC-AB2B-4622-A684-F13AFE334308}.Debug|Any CPU.Build.0 = Debug|Any CPU
		{EFAEA1DC-AB2B-4622-A684-F13AFE334308}.Release|Any CPU.ActiveCfg = Release|Any CPU
		{EFAEA1DC-AB2B-4622-A684-F13AFE334308}.Release|Any CPU.Build.0 = Release|Any CPU
		{FFD676F5-E794-40B7-9F92-E858B9DA90E1}.Debug|Any CPU.ActiveCfg = Debug|Any CPU
		{FFD676F5-E794-40B7-9F92-E858B9DA90E1}.Debug|Any CPU.Build.0 = Debug|Any CPU
		{FFD676F5-E794-40B7-9F92-E858B9DA90E1}.Release|Any CPU.ActiveCfg = Release|Any CPU
		{FFD676F5-E794-40B7-9F92-E858B9DA90E1}.Release|Any CPU.Build.0 = Release|Any CPU
		{C43DCB46-9E2D-4759-8A70-D8F5C7877876}.Debug|Any CPU.ActiveCfg = Debug|Any CPU
		{C43DCB46-9E2D-4759-8A70-D8F5C7877876}.Debug|Any CPU.Build.0 = Debug|Any CPU
		{C43DCB46-9E2D-4759-8A70-D8F5C7877876}.Release|Any CPU.ActiveCfg = Release|Any CPU
		{C43DCB46-9E2D-4759-8A70-D8F5C7877876}.Release|Any CPU.Build.0 = Release|Any CPU
	EndGlobalSection
	GlobalSection(SolutionProperties) = preSolution
		HideSolutionNode = FALSE
	EndGlobalSection
	GlobalSection(ExtensibilityGlobals) = postSolution
		SolutionGuid = {E34AE465-D196-4DBA-9D98-F09C7EC40C1A}
	EndGlobalSection
EndGlobal
