
Microsoft Visual Studio Solution File, Format Version 12.00
# Visual Studio Version 17
VisualStudioVersion = 17.1.32228.430
MinimumVisualStudioVersion = 10.0.40219.1
Project("{2150E333-8FDC-42A3-9474-1A3956D46DE8}") = "01.SRP", "01.SRP", "{E6F4FFC1-97A7-4971-8D66-8F9A289C21A8}"
EndProject
Project("{2150E333-8FDC-42A3-9474-1A3956D46DE8}") = "P01. DrawingShape", "P01. DrawingShape", "{F2A00292-1345-4653-A7E8-32A5297EFC74}"
EndProject
Project("{2150E333-8FDC-42A3-9474-1A3956D46DE8}") = "P02. Books", "P02. Books", "{854058DB-B0C5-4292-8037-29B1DB38EDC0}"
EndProject
Project("{2150E333-8FDC-42A3-9474-1A3956D46DE8}") = "02. OCP", "02. OCP", "{4E2FF5C3-9BA6-4D74-8169-EE9E97EE135B}"
EndProject
Project("{2150E333-8FDC-42A3-9474-1A3956D46DE8}") = "P01. FileStream", "P01. FileStream", "{F95B0D3C-413B-41DA-A730-FB67C64B7AD4}"
EndProject
Project("{2150E333-8FDC-42A3-9474-1A3956D46DE8}") = "P03. ShoppingCart", "P03. ShoppingCart", "{D9B647DB-EE5C-412E-BF02-004DE852BF51}"
EndProject
Project("{2150E333-8FDC-42A3-9474-1A3956D46DE8}") = "P02. DrawingShape", "P02. DrawingShape", "{79AA2A70-87E3-486F-8D7E-D4AC1E9C2865}"
EndProject
Project("{2150E333-8FDC-42A3-9474-1A3956D46DE8}") = "03. Liskov Substitution", "03. Liskov Substitution", "{A1466FD5-A7D9-4EB6-8423-C88151407544}"
EndProject
Project("{2150E333-8FDC-42A3-9474-1A3956D46DE8}") = "P01. Square", "P01. Square", "{BB1541A7-6679-42B3-ADFF-6768E0727081}"
EndProject
Project("{2150E333-8FDC-42A3-9474-1A3956D46DE8}") = "04. ISP", "04. ISP", "{AE6C9FA5-C727-4B7B-9DC5-3A67800A3816}"
EndProject
Project("{2150E333-8FDC-42A3-9474-1A3956D46DE8}") = "P01. Worker", "P01. Worker", "{7F599B07-7634-40F1-8CE0-B3CC508BC951}"
EndProject
Project("{2150E333-8FDC-42A3-9474-1A3956D46DE8}") = "P02. Identity", "P02. Identity", "{0500E937-E18D-45EC-A447-6E3D08E6F994}"
EndProject
Project("{2150E333-8FDC-42A3-9474-1A3956D46DE8}") = "05. DIP", "05. DIP", "{3780053E-9F38-4CAD-B7CD-7C399B12E189}"
EndProject
Project("{2150E333-8FDC-42A3-9474-1A3956D46DE8}") = "P01. HelloWorld", "P01. HelloWorld", "{4A45BE10-5C36-42F9-A071-90464DDCF2A2}"
EndProject
Project("{2150E333-8FDC-42A3-9474-1A3956D46DE8}") = "P02. Worker", "P02. Worker", "{7572EA3B-E2CD-48FB-AD19-06200B1FA1C5}"
EndProject
Project("{2150E333-8FDC-42A3-9474-1A3956D46DE8}") = "P03. Database", "P03. Database", "{C209A499-6716-4212-92FA-4D5B22C4A5F7}"
EndProject
Project("{9A19103F-16F7-4668-BE54-9A1E7A4F7556}") = "P01.After", "01. SRP\P01.After\P01.After.csproj", "{B52D4589-98BB-4620-A972-E90DAB228AC3}"
EndProject
Project("{9A19103F-16F7-4668-BE54-9A1E7A4F7556}") = "P01.Before", "01. SRP\P01.Before\P01.Before.csproj", "{DBD73652-F96E-4F38-8BC4-6A53FB286029}"
EndProject
Project("{9A19103F-16F7-4668-BE54-9A1E7A4F7556}") = "P01.After", "02. OCP\P01.After\P01.After.csproj", "{18163AEC-331F-41A2-8457-763714C0EC83}"
EndProject
Project("{9A19103F-16F7-4668-BE54-9A1E7A4F7556}") = "P01.Before", "02. OCP\P01.Before\P01.Before.csproj", "{B79CA8D9-759C-4A16-97A4-60923632D170}"
EndProject
Project("{9A19103F-16F7-4668-BE54-9A1E7A4F7556}") = "P02.After", "01. SRP\P02.After\P02.After.csproj", "{3BDFDF46-F380-4509-ADE2-3BE8BCF446AD}"
EndProject
Project("{9A19103F-16F7-4668-BE54-9A1E7A4F7556}") = "P02.Before", "01. SRP\P02.Before\P02.Before.csproj", "{884783EF-297E-4BB6-A857-210CE55B6F70}"
EndProject
Project("{9A19103F-16F7-4668-BE54-9A1E7A4F7556}") = "P02.After", "02. OCP\P02.After\P02.After.csproj", "{BB2B1F4A-1002-41CF-AC8D-4D7CC8C0590F}"
EndProject
Project("{9A19103F-16F7-4668-BE54-9A1E7A4F7556}") = "P02.Before", "02. OCP\P02.Before\P02.Before.csproj", "{9CB52841-0825-400A-B885-2A9B0D165690}"
EndProject
Project("{9A19103F-16F7-4668-BE54-9A1E7A4F7556}") = "P03.After", "02. OCP\P03.After\P03.After.csproj", "{C25A4F09-39A4-4DB9-ADFA-C23B0535F3C8}"
EndProject
Project("{9A19103F-16F7-4668-BE54-9A1E7A4F7556}") = "P03.Before", "02. OCP\P03.Before\P03.Before.csproj", "{8C1D9EBC-EAA2-474A-916C-BFB88D33CE1E}"
EndProject
Project("{9A19103F-16F7-4668-BE54-9A1E7A4F7556}") = "P01.After", "03. Liskov Substitution\P01.After\P01.After.csproj", "{B7D0748C-CC34-41F5-8EDF-5B12C0C07283}"
EndProject
Project("{9A19103F-16F7-4668-BE54-9A1E7A4F7556}") = "P01.Before", "03. Liskov Substitution\P01.Before\P01.Before.csproj", "{23D5EF9E-4253-49DA-A606-E123DE6EC485}"
EndProject
Project("{9A19103F-16F7-4668-BE54-9A1E7A4F7556}") = "P01.After", "04. ISP\P01.After\P01.After.csproj", "{858740F2-7E68-42AE-951E-8D7659D437CA}"
EndProject
Project("{9A19103F-16F7-4668-BE54-9A1E7A4F7556}") = "P01.Before", "04. ISP\P01.Before\P01.Before.csproj", "{7E4570F1-933D-4F41-B42B-B120A21A2B7C}"
EndProject
Project("{9A19103F-16F7-4668-BE54-9A1E7A4F7556}") = "P02.After", "04. ISP\P02.After\P02.After.csproj", "{F334D480-65E4-41EB-8038-A9B4232A21DE}"
EndProject
Project("{9A19103F-16F7-4668-BE54-9A1E7A4F7556}") = "P02.Before", "04. ISP\P02.Before\P02.Before.csproj", "{EE8B6B66-9C50-4BB7-9FD6-F95F35DBBBCD}"
EndProject
Project("{9A19103F-16F7-4668-BE54-9A1E7A4F7556}") = "P01.After", "05. DIP\P01.After\P01.After.csproj", "{B4529A88-A521-4A98-9CC2-A0A1E5987DCE}"
EndProject
Project("{9A19103F-16F7-4668-BE54-9A1E7A4F7556}") = "P01.Before", "05. DIP\P01.Before\P01.Before.csproj", "{A4A5008E-7D6B-4C84-A002-7525C6FB6A1D}"
EndProject
Project("{9A19103F-16F7-4668-BE54-9A1E7A4F7556}") = "P02.After", "05. DIP\P02.After\P02.After.csproj", "{A3732268-1E67-4483-99DB-5A7F0E4BCC19}"
EndProject
Project("{9A19103F-16F7-4668-BE54-9A1E7A4F7556}") = "P02.Before", "05. DIP\P02.Before\P02.Before.csproj", "{7663E768-0B6F-498C-8E76-D1555B3F1108}"
EndProject
Project("{9A19103F-16F7-4668-BE54-9A1E7A4F7556}") = "P03.After", "05. DIP\P03.After\P03.After.csproj", "{3F72639C-0F58-420E-807F-1188DC658C93}"
EndProject
Project("{9A19103F-16F7-4668-BE54-9A1E7A4F7556}") = "P03.Before", "05. DIP\P03.Before\P03.Before.csproj", "{E7CF2E18-0E5A-4BBE-B8F2-0E3B4F5C9CFC}"
EndProject
Global
	GlobalSection(SolutionConfigurationPlatforms) = preSolution
		Debug|Any CPU = Debug|Any CPU
		Release|Any CPU = Release|Any CPU
	EndGlobalSection
	GlobalSection(ProjectConfigurationPlatforms) = postSolution
		{B52D4589-98BB-4620-A972-E90DAB228AC3}.Debug|Any CPU.ActiveCfg = Debug|Any CPU
		{B52D4589-98BB-4620-A972-E90DAB228AC3}.Debug|Any CPU.Build.0 = Debug|Any CPU
		{B52D4589-98BB-4620-A972-E90DAB228AC3}.Release|Any CPU.ActiveCfg = Release|Any CPU
		{B52D4589-98BB-4620-A972-E90DAB228AC3}.Release|Any CPU.Build.0 = Release|Any CPU
		{DBD73652-F96E-4F38-8BC4-6A53FB286029}.Debug|Any CPU.ActiveCfg = Debug|Any CPU
		{DBD73652-F96E-4F38-8BC4-6A53FB286029}.Debug|Any CPU.Build.0 = Debug|Any CPU
		{DBD73652-F96E-4F38-8BC4-6A53FB286029}.Release|Any CPU.ActiveCfg = Release|Any CPU
		{DBD73652-F96E-4F38-8BC4-6A53FB286029}.Release|Any CPU.Build.0 = Release|Any CPU
		{18163AEC-331F-41A2-8457-763714C0EC83}.Debug|Any CPU.ActiveCfg = Debug|Any CPU
		{18163AEC-331F-41A2-8457-763714C0EC83}.Debug|Any CPU.Build.0 = Debug|Any CPU
		{18163AEC-331F-41A2-8457-763714C0EC83}.Release|Any CPU.ActiveCfg = Release|Any CPU
		{18163AEC-331F-41A2-8457-763714C0EC83}.Release|Any CPU.Build.0 = Release|Any CPU
		{B79CA8D9-759C-4A16-97A4-60923632D170}.Debug|Any CPU.ActiveCfg = Debug|Any CPU
		{B79CA8D9-759C-4A16-97A4-60923632D170}.Debug|Any CPU.Build.0 = Debug|Any CPU
		{B79CA8D9-759C-4A16-97A4-60923632D170}.Release|Any CPU.ActiveCfg = Release|Any CPU
		{B79CA8D9-759C-4A16-97A4-60923632D170}.Release|Any CPU.Build.0 = Release|Any CPU
		{3BDFDF46-F380-4509-ADE2-3BE8BCF446AD}.Debug|Any CPU.ActiveCfg = Debug|Any CPU
		{3BDFDF46-F380-4509-ADE2-3BE8BCF446AD}.Debug|Any CPU.Build.0 = Debug|Any CPU
		{3BDFDF46-F380-4509-ADE2-3BE8BCF446AD}.Release|Any CPU.ActiveCfg = Release|Any CPU
		{3BDFDF46-F380-4509-ADE2-3BE8BCF446AD}.Release|Any CPU.Build.0 = Release|Any CPU
		{884783EF-297E-4BB6-A857-210CE55B6F70}.Debug|Any CPU.ActiveCfg = Debug|Any CPU
		{884783EF-297E-4BB6-A857-210CE55B6F70}.Debug|Any CPU.Build.0 = Debug|Any CPU
		{884783EF-297E-4BB6-A857-210CE55B6F70}.Release|Any CPU.ActiveCfg = Release|Any CPU
		{884783EF-297E-4BB6-A857-210CE55B6F70}.Release|Any CPU.Build.0 = Release|Any CPU
		{BB2B1F4A-1002-41CF-AC8D-4D7CC8C0590F}.Debug|Any CPU.ActiveCfg = Debug|Any CPU
		{BB2B1F4A-1002-41CF-AC8D-4D7CC8C0590F}.Debug|Any CPU.Build.0 = Debug|Any CPU
		{BB2B1F4A-1002-41CF-AC8D-4D7CC8C0590F}.Release|Any CPU.ActiveCfg = Release|Any CPU
		{BB2B1F4A-1002-41CF-AC8D-4D7CC8C0590F}.Release|Any CPU.Build.0 = Release|Any CPU
		{9CB52841-0825-400A-B885-2A9B0D165690}.Debug|Any CPU.ActiveCfg = Debug|Any CPU
		{9CB52841-0825-400A-B885-2A9B0D165690}.Debug|Any CPU.Build.0 = Debug|Any CPU
		{9CB52841-0825-400A-B885-2A9B0D165690}.Release|Any CPU.ActiveCfg = Release|Any CPU
		{9CB52841-0825-400A-B885-2A9B0D165690}.Release|Any CPU.Build.0 = Release|Any CPU
		{C25A4F09-39A4-4DB9-ADFA-C23B0535F3C8}.Debug|Any CPU.ActiveCfg = Debug|Any CPU
		{C25A4F09-39A4-4DB9-ADFA-C23B0535F3C8}.Debug|Any CPU.Build.0 = Debug|Any CPU
		{C25A4F09-39A4-4DB9-ADFA-C23B0535F3C8}.Release|Any CPU.ActiveCfg = Release|Any CPU
		{C25A4F09-39A4-4DB9-ADFA-C23B0535F3C8}.Release|Any CPU.Build.0 = Release|Any CPU
		{8C1D9EBC-EAA2-474A-916C-BFB88D33CE1E}.Debug|Any CPU.ActiveCfg = Debug|Any CPU
		{8C1D9EBC-EAA2-474A-916C-BFB88D33CE1E}.Debug|Any CPU.Build.0 = Debug|Any CPU
		{8C1D9EBC-EAA2-474A-916C-BFB88D33CE1E}.Release|Any CPU.ActiveCfg = Release|Any CPU
		{8C1D9EBC-EAA2-474A-916C-BFB88D33CE1E}.Release|Any CPU.Build.0 = Release|Any CPU
		{B7D0748C-CC34-41F5-8EDF-5B12C0C07283}.Debug|Any CPU.ActiveCfg = Debug|Any CPU
		{B7D0748C-CC34-41F5-8EDF-5B12C0C07283}.Debug|Any CPU.Build.0 = Debug|Any CPU
		{B7D0748C-CC34-41F5-8EDF-5B12C0C07283}.Release|Any CPU.ActiveCfg = Release|Any CPU
		{B7D0748C-CC34-41F5-8EDF-5B12C0C07283}.Release|Any CPU.Build.0 = Release|Any CPU
		{23D5EF9E-4253-49DA-A606-E123DE6EC485}.Debug|Any CPU.ActiveCfg = Debug|Any CPU
		{23D5EF9E-4253-49DA-A606-E123DE6EC485}.Debug|Any CPU.Build.0 = Debug|Any CPU
		{23D5EF9E-4253-49DA-A606-E123DE6EC485}.Release|Any CPU.ActiveCfg = Release|Any CPU
		{23D5EF9E-4253-49DA-A606-E123DE6EC485}.Release|Any CPU.Build.0 = Release|Any CPU
		{858740F2-7E68-42AE-951E-8D7659D437CA}.Debug|Any CPU.ActiveCfg = Debug|Any CPU
		{858740F2-7E68-42AE-951E-8D7659D437CA}.Debug|Any CPU.Build.0 = Debug|Any CPU
		{858740F2-7E68-42AE-951E-8D7659D437CA}.Release|Any CPU.ActiveCfg = Release|Any CPU
		{858740F2-7E68-42AE-951E-8D7659D437CA}.Release|Any CPU.Build.0 = Release|Any CPU
		{7E4570F1-933D-4F41-B42B-B120A21A2B7C}.Debug|Any CPU.ActiveCfg = Debug|Any CPU
		{7E4570F1-933D-4F41-B42B-B120A21A2B7C}.Debug|Any CPU.Build.0 = Debug|Any CPU
		{7E4570F1-933D-4F41-B42B-B120A21A2B7C}.Release|Any CPU.ActiveCfg = Release|Any CPU
		{7E4570F1-933D-4F41-B42B-B120A21A2B7C}.Release|Any CPU.Build.0 = Release|Any CPU
		{F334D480-65E4-41EB-8038-A9B4232A21DE}.Debug|Any CPU.ActiveCfg = Debug|Any CPU
		{F334D480-65E4-41EB-8038-A9B4232A21DE}.Debug|Any CPU.Build.0 = Debug|Any CPU
		{F334D480-65E4-41EB-8038-A9B4232A21DE}.Release|Any CPU.ActiveCfg = Release|Any CPU
		{F334D480-65E4-41EB-8038-A9B4232A21DE}.Release|Any CPU.Build.0 = Release|Any CPU
		{EE8B6B66-9C50-4BB7-9FD6-F95F35DBBBCD}.Debug|Any CPU.ActiveCfg = Debug|Any CPU
		{EE8B6B66-9C50-4BB7-9FD6-F95F35DBBBCD}.Debug|Any CPU.Build.0 = Debug|Any CPU
		{EE8B6B66-9C50-4BB7-9FD6-F95F35DBBBCD}.Release|Any CPU.ActiveCfg = Release|Any CPU
		{EE8B6B66-9C50-4BB7-9FD6-F95F35DBBBCD}.Release|Any CPU.Build.0 = Release|Any CPU
		{B4529A88-A521-4A98-9CC2-A0A1E5987DCE}.Debug|Any CPU.ActiveCfg = Debug|Any CPU
		{B4529A88-A521-4A98-9CC2-A0A1E5987DCE}.Debug|Any CPU.Build.0 = Debug|Any CPU
		{B4529A88-A521-4A98-9CC2-A0A1E5987DCE}.Release|Any CPU.ActiveCfg = Release|Any CPU
		{B4529A88-A521-4A98-9CC2-A0A1E5987DCE}.Release|Any CPU.Build.0 = Release|Any CPU
		{A4A5008E-7D6B-4C84-A002-7525C6FB6A1D}.Debug|Any CPU.ActiveCfg = Debug|Any CPU
		{A4A5008E-7D6B-4C84-A002-7525C6FB6A1D}.Debug|Any CPU.Build.0 = Debug|Any CPU
		{A4A5008E-7D6B-4C84-A002-7525C6FB6A1D}.Release|Any CPU.ActiveCfg = Release|Any CPU
		{A4A5008E-7D6B-4C84-A002-7525C6FB6A1D}.Release|Any CPU.Build.0 = Release|Any CPU
		{A3732268-1E67-4483-99DB-5A7F0E4BCC19}.Debug|Any CPU.ActiveCfg = Debug|Any CPU
		{A3732268-1E67-4483-99DB-5A7F0E4BCC19}.Debug|Any CPU.Build.0 = Debug|Any CPU
		{A3732268-1E67-4483-99DB-5A7F0E4BCC19}.Release|Any CPU.ActiveCfg = Release|Any CPU
		{A3732268-1E67-4483-99DB-5A7F0E4BCC19}.Release|Any CPU.Build.0 = Release|Any CPU
		{7663E768-0B6F-498C-8E76-D1555B3F1108}.Debug|Any CPU.ActiveCfg = Debug|Any CPU
		{7663E768-0B6F-498C-8E76-D1555B3F1108}.Debug|Any CPU.Build.0 = Debug|Any CPU
		{7663E768-0B6F-498C-8E76-D1555B3F1108}.Release|Any CPU.ActiveCfg = Release|Any CPU
		{7663E768-0B6F-498C-8E76-D1555B3F1108}.Release|Any CPU.Build.0 = Release|Any CPU
		{3F72639C-0F58-420E-807F-1188DC658C93}.Debug|Any CPU.ActiveCfg = Debug|Any CPU
		{3F72639C-0F58-420E-807F-1188DC658C93}.Debug|Any CPU.Build.0 = Debug|Any CPU
		{3F72639C-0F58-420E-807F-1188DC658C93}.Release|Any CPU.ActiveCfg = Release|Any CPU
		{3F72639C-0F58-420E-807F-1188DC658C93}.Release|Any CPU.Build.0 = Release|Any CPU
		{E7CF2E18-0E5A-4BBE-B8F2-0E3B4F5C9CFC}.Debug|Any CPU.ActiveCfg = Debug|Any CPU
		{E7CF2E18-0E5A-4BBE-B8F2-0E3B4F5C9CFC}.Debug|Any CPU.Build.0 = Debug|Any CPU
		{E7CF2E18-0E5A-4BBE-B8F2-0E3B4F5C9CFC}.Release|Any CPU.ActiveCfg = Release|Any CPU
		{E7CF2E18-0E5A-4BBE-B8F2-0E3B4F5C9CFC}.Release|Any CPU.Build.0 = Release|Any CPU
	EndGlobalSection
	GlobalSection(SolutionProperties) = preSolution
		HideSolutionNode = FALSE
	EndGlobalSection
	GlobalSection(NestedProjects) = preSolution
		{F2A00292-1345-4653-A7E8-32A5297EFC74} = {E6F4FFC1-97A7-4971-8D66-8F9A289C21A8}
		{854058DB-B0C5-4292-8037-29B1DB38EDC0} = {E6F4FFC1-97A7-4971-8D66-8F9A289C21A8}
		{F95B0D3C-413B-41DA-A730-FB67C64B7AD4} = {4E2FF5C3-9BA6-4D74-8169-EE9E97EE135B}
		{D9B647DB-EE5C-412E-BF02-004DE852BF51} = {4E2FF5C3-9BA6-4D74-8169-EE9E97EE135B}
		{79AA2A70-87E3-486F-8D7E-D4AC1E9C2865} = {4E2FF5C3-9BA6-4D74-8169-EE9E97EE135B}
		{BB1541A7-6679-42B3-ADFF-6768E0727081} = {A1466FD5-A7D9-4EB6-8423-C88151407544}
		{7F599B07-7634-40F1-8CE0-B3CC508BC951} = {AE6C9FA5-C727-4B7B-9DC5-3A67800A3816}
		{0500E937-E18D-45EC-A447-6E3D08E6F994} = {AE6C9FA5-C727-4B7B-9DC5-3A67800A3816}
		{4A45BE10-5C36-42F9-A071-90464DDCF2A2} = {3780053E-9F38-4CAD-B7CD-7C399B12E189}
		{7572EA3B-E2CD-48FB-AD19-06200B1FA1C5} = {3780053E-9F38-4CAD-B7CD-7C399B12E189}
		{C209A499-6716-4212-92FA-4D5B22C4A5F7} = {3780053E-9F38-4CAD-B7CD-7C399B12E189}
		{B52D4589-98BB-4620-A972-E90DAB228AC3} = {F2A00292-1345-4653-A7E8-32A5297EFC74}
		{DBD73652-F96E-4F38-8BC4-6A53FB286029} = {F2A00292-1345-4653-A7E8-32A5297EFC74}
		{18163AEC-331F-41A2-8457-763714C0EC83} = {F95B0D3C-413B-41DA-A730-FB67C64B7AD4}
		{B79CA8D9-759C-4A16-97A4-60923632D170} = {F95B0D3C-413B-41DA-A730-FB67C64B7AD4}
		{3BDFDF46-F380-4509-ADE2-3BE8BCF446AD} = {854058DB-B0C5-4292-8037-29B1DB38EDC0}
		{884783EF-297E-4BB6-A857-210CE55B6F70} = {854058DB-B0C5-4292-8037-29B1DB38EDC0}
		{BB2B1F4A-1002-41CF-AC8D-4D7CC8C0590F} = {79AA2A70-87E3-486F-8D7E-D4AC1E9C2865}
		{9CB52841-0825-400A-B885-2A9B0D165690} = {79AA2A70-87E3-486F-8D7E-D4AC1E9C2865}
		{C25A4F09-39A4-4DB9-ADFA-C23B0535F3C8} = {D9B647DB-EE5C-412E-BF02-004DE852BF51}
		{8C1D9EBC-EAA2-474A-916C-BFB88D33CE1E} = {D9B647DB-EE5C-412E-BF02-004DE852BF51}
		{B7D0748C-CC34-41F5-8EDF-5B12C0C07283} = {BB1541A7-6679-42B3-ADFF-6768E0727081}
		{23D5EF9E-4253-49DA-A606-E123DE6EC485} = {BB1541A7-6679-42B3-ADFF-6768E0727081}
		{858740F2-7E68-42AE-951E-8D7659D437CA} = {7F599B07-7634-40F1-8CE0-B3CC508BC951}
		{7E4570F1-933D-4F41-B42B-B120A21A2B7C} = {7F599B07-7634-40F1-8CE0-B3CC508BC951}
		{F334D480-65E4-41EB-8038-A9B4232A21DE} = {0500E937-E18D-45EC-A447-6E3D08E6F994}
		{EE8B6B66-9C50-4BB7-9FD6-F95F35DBBBCD} = {0500E937-E18D-45EC-A447-6E3D08E6F994}
		{B4529A88-A521-4A98-9CC2-A0A1E5987DCE} = {4A45BE10-5C36-42F9-A071-90464DDCF2A2}
		{A4A5008E-7D6B-4C84-A002-7525C6FB6A1D} = {4A45BE10-5C36-42F9-A071-90464DDCF2A2}
		{A3732268-1E67-4483-99DB-5A7F0E4BCC19} = {7572EA3B-E2CD-48FB-AD19-06200B1FA1C5}
		{7663E768-0B6F-498C-8E76-D1555B3F1108} = {7572EA3B-E2CD-48FB-AD19-06200B1FA1C5}
		{3F72639C-0F58-420E-807F-1188DC658C93} = {C209A499-6716-4212-92FA-4D5B22C4A5F7}
		{E7CF2E18-0E5A-4BBE-B8F2-0E3B4F5C9CFC} = {C209A499-6716-4212-92FA-4D5B22C4A5F7}
	EndGlobalSection
	GlobalSection(ExtensibilityGlobals) = postSolution
		SolutionGuid = {CBE5E594-CBFC-4D7E-B53B-A9F4477E1E92}
	EndGlobalSection
EndGlobal
