
Microsoft Visual Studio Solution File, Format Version 12.00
# Visual Studio 15
VisualStudioVersion = 15.0.28307.168
MinimumVisualStudioVersion = 10.0.40219.1
Project("{FAE04EC0-301F-11D3-BF4B-00C04F79EFBC}") = "Stealer", "Stealer\Stealer.csproj", "{62CCDEF6-DD82-4AC7-8834-77107A89F398}"
EndProject
Project("{FAE04EC0-301F-11D3-BF4B-00C04F79EFBC}") = "HighQualityMistakes", "HighQualityMistakes\HighQualityMistakes.csproj", "{7256F44A-D458-4A13-A247-E9F9536F231B}"
EndProject
Project("{FAE04EC0-301F-11D3-BF4B-00C04F79EFBC}") = "MissionPrivateImpossible", "MissionPrivateImpossible\MissionPrivateImpossible.csproj", "{4C47BA39-1814-4823-9BE3-FE2996016B92}"
EndProject
Project("{FAE04EC0-301F-11D3-BF4B-00C04F79EFBC}") = "Collector", "Collector\Collector.csproj", "{A9E9DBCB-3977-4BD8-B40D-E587A96DD24F}"
EndProject
Project("{2150E333-8FDC-42A3-9474-1A3956D46DE8}") = "Reflection", "Reflection", "{A4FB7FCF-188A-4773-883D-DCAB2E61C487}"
EndProject
Project("{2150E333-8FDC-42A3-9474-1A3956D46DE8}") = "Attributes", "Attributes", "{431434DD-70D1-4EAE-9BA4-B8EFFFA56852}"
EndProject
Project("{FAE04EC0-301F-11D3-BF4B-00C04F79EFBC}") = "CreateAttribute", "CreateAttribute\CreateAttribute.csproj", "{1E4CC82D-A333-4EFF-B38F-29C7D1EAB7B2}"
EndProject
Project("{FAE04EC0-301F-11D3-BF4B-00C04F79EFBC}") = "CodingTracker", "CodingTracker\CodingTracker.csproj", "{847253C1-7B9B-4288-9AD8-20A09A1720AE}"
EndProject
Global
	GlobalSection(SolutionConfigurationPlatforms) = preSolution
		Debug|Any CPU = Debug|Any CPU
		Release|Any CPU = Release|Any CPU
	EndGlobalSection
	GlobalSection(ProjectConfigurationPlatforms) = postSolution
		{62CCDEF6-DD82-4AC7-8834-77107A89F398}.Debug|Any CPU.ActiveCfg = Debug|Any CPU
		{62CCDEF6-DD82-4AC7-8834-77107A89F398}.Debug|Any CPU.Build.0 = Debug|Any CPU
		{62CCDEF6-DD82-4AC7-8834-77107A89F398}.Release|Any CPU.ActiveCfg = Release|Any CPU
		{62CCDEF6-DD82-4AC7-8834-77107A89F398}.Release|Any CPU.Build.0 = Release|Any CPU
		{7256F44A-D458-4A13-A247-E9F9536F231B}.Debug|Any CPU.ActiveCfg = Debug|Any CPU
		{7256F44A-D458-4A13-A247-E9F9536F231B}.Debug|Any CPU.Build.0 = Debug|Any CPU
		{7256F44A-D458-4A13-A247-E9F9536F231B}.Release|Any CPU.ActiveCfg = Release|Any CPU
		{7256F44A-D458-4A13-A247-E9F9536F231B}.Release|Any CPU.Build.0 = Release|Any CPU
		{4C47BA39-1814-4823-9BE3-FE2996016B92}.Debug|Any CPU.ActiveCfg = Debug|Any CPU
		{4C47BA39-1814-4823-9BE3-FE2996016B92}.Debug|Any CPU.Build.0 = Debug|Any CPU
		{4C47BA39-1814-4823-9BE3-FE2996016B92}.Release|Any CPU.ActiveCfg = Release|Any CPU
		{4C47BA39-1814-4823-9BE3-FE2996016B92}.Release|Any CPU.Build.0 = Release|Any CPU
		{A9E9DBCB-3977-4BD8-B40D-E587A96DD24F}.Debug|Any CPU.ActiveCfg = Debug|Any CPU
		{A9E9DBCB-3977-4BD8-B40D-E587A96DD24F}.Debug|Any CPU.Build.0 = Debug|Any CPU
		{A9E9DBCB-3977-4BD8-B40D-E587A96DD24F}.Release|Any CPU.ActiveCfg = Release|Any CPU
		{A9E9DBCB-3977-4BD8-B40D-E587A96DD24F}.Release|Any CPU.Build.0 = Release|Any CPU
		{1E4CC82D-A333-4EFF-B38F-29C7D1EAB7B2}.Debug|Any CPU.ActiveCfg = Debug|Any CPU
		{1E4CC82D-A333-4EFF-B38F-29C7D1EAB7B2}.Debug|Any CPU.Build.0 = Debug|Any CPU
		{1E4CC82D-A333-4EFF-B38F-29C7D1EAB7B2}.Release|Any CPU.ActiveCfg = Release|Any CPU
		{1E4CC82D-A333-4EFF-B38F-29C7D1EAB7B2}.Release|Any CPU.Build.0 = Release|Any CPU
		{847253C1-7B9B-4288-9AD8-20A09A1720AE}.Debug|Any CPU.ActiveCfg = Debug|Any CPU
		{847253C1-7B9B-4288-9AD8-20A09A1720AE}.Debug|Any CPU.Build.0 = Debug|Any CPU
		{847253C1-7B9B-4288-9AD8-20A09A1720AE}.Release|Any CPU.ActiveCfg = Release|Any CPU
		{847253C1-7B9B-4288-9AD8-20A09A1720AE}.Release|Any CPU.Build.0 = Release|Any CPU
	EndGlobalSection
	GlobalSection(SolutionProperties) = preSolution
		HideSolutionNode = FALSE
	EndGlobalSection
	GlobalSection(NestedProjects) = preSolution
		{62CCDEF6-DD82-4AC7-8834-77107A89F398} = {A4FB7FCF-188A-4773-883D-DCAB2E61C487}
		{7256F44A-D458-4A13-A247-E9F9536F231B} = {A4FB7FCF-188A-4773-883D-DCAB2E61C487}
		{4C47BA39-1814-4823-9BE3-FE2996016B92} = {A4FB7FCF-188A-4773-883D-DCAB2E61C487}
		{A9E9DBCB-3977-4BD8-B40D-E587A96DD24F} = {A4FB7FCF-188A-4773-883D-DCAB2E61C487}
		{1E4CC82D-A333-4EFF-B38F-29C7D1EAB7B2} = {431434DD-70D1-4EAE-9BA4-B8EFFFA56852}
		{847253C1-7B9B-4288-9AD8-20A09A1720AE} = {431434DD-70D1-4EAE-9BA4-B8EFFFA56852}
	EndGlobalSection
	GlobalSection(ExtensibilityGlobals) = postSolution
		SolutionGuid = {70B2ACF8-7DA4-4562-895B-8E389AB0D5AE}
	EndGlobalSection
EndGlobal
