
Microsoft Visual Studio Solution File, Format Version 12.00
# Visual Studio 15
VisualStudioVersion = 15.0.28307.168
MinimumVisualStudioVersion = 10.0.40219.1
Project("{FAE04EC0-301F-11D3-BF4B-00C04F79EFBC}") = "P01_HospitalDatabase", "P01_HospitalDatabase\P01_HospitalDatabase.csproj", "{9CD6402A-4C1F-46C9-8E69-0E8A45FAB5E6}"
EndProject
Project("{FAE04EC0-301F-11D3-BF4B-00C04F79EFBC}") = "P03_SalesDatabase", "P03_SalesDatabase\P03_SalesDatabase.csproj", "{2E7F7830-D030-42DB-81E5-DCFD7A199174}"
EndProject
Global
	GlobalSection(SolutionConfigurationPlatforms) = preSolution
		Debug|Any CPU = Debug|Any CPU
		Release|Any CPU = Release|Any CPU
	EndGlobalSection
	GlobalSection(ProjectConfigurationPlatforms) = postSolution
		{9CD6402A-4C1F-46C9-8E69-0E8A45FAB5E6}.Debug|Any CPU.ActiveCfg = Debug|Any CPU
		{9CD6402A-4C1F-46C9-8E69-0E8A45FAB5E6}.Debug|Any CPU.Build.0 = Debug|Any CPU
		{9CD6402A-4C1F-46C9-8E69-0E8A45FAB5E6}.Release|Any CPU.ActiveCfg = Release|Any CPU
		{9CD6402A-4C1F-46C9-8E69-0E8A45FAB5E6}.Release|Any CPU.Build.0 = Release|Any CPU
		{2E7F7830-D030-42DB-81E5-DCFD7A199174}.Debug|Any CPU.ActiveCfg = Debug|Any CPU
		{2E7F7830-D030-42DB-81E5-DCFD7A199174}.Debug|Any CPU.Build.0 = Debug|Any CPU
		{2E7F7830-D030-42DB-81E5-DCFD7A199174}.Release|Any CPU.ActiveCfg = Release|Any CPU
		{2E7F7830-D030-42DB-81E5-DCFD7A199174}.Release|Any CPU.Build.0 = Release|Any CPU
	EndGlobalSection
	GlobalSection(SolutionProperties) = preSolution
		HideSolutionNode = FALSE
	EndGlobalSection
	GlobalSection(ExtensibilityGlobals) = postSolution
		SolutionGuid = {8E4ACF32-9B8C-4300-8A25-6B3054D59E02}
	EndGlobalSection
EndGlobal
