
Microsoft Visual Studio Solution File, Format Version 12.00
# Visual Studio Version 16
VisualStudioVersion = 16.0.29215.179
MinimumVisualStudioVersion = 10.0.40219.1
Project("{9A19103F-16F7-4668-BE54-9A1E7A4F7556}") = "P01", "P01\P01.csproj", "{490FFEC1-C2BD-4E91-AA77-5B153C3E401C}"
EndProject
Project("{9A19103F-16F7-4668-BE54-9A1E7A4F7556}") = "P02", "P02\P02.csproj", "{9C722301-03F0-45B7-877C-883C812C9EA0}"
EndProject
Project("{9A19103F-16F7-4668-BE54-9A1E7A4F7556}") = "P05", "P05\P05.csproj", "{6BBA1E3B-2A80-4BE1-A064-83E4A6EB0CCB}"
EndProject
Project("{9A19103F-16F7-4668-BE54-9A1E7A4F7556}") = "P06", "P06\P06.csproj", "{70CB2D73-D231-4EDC-A9CD-3E7BC3E71B38}"
EndProject
Project("{9A19103F-16F7-4668-BE54-9A1E7A4F7556}") = "P07", "P07\P07.csproj", "{2EAA3EF9-0896-482D-895F-AB259E520869}"
EndProject
Project("{FAE04EC0-301F-11D3-BF4B-00C04F79EFBC}") = "SumOfCoins", "SumOfCoins\SumOfCoins.csproj", "{FD8A6254-4CA0-4516-A475-9E1C219ED3DA}"
EndProject
Project("{FAE04EC0-301F-11D3-BF4B-00C04F79EFBC}") = "SetCover", "SetCover\SetCover.csproj", "{909541FC-F819-4F7F-9D70-2CB2B3D4604A}"
EndProject
Global
	GlobalSection(SolutionConfigurationPlatforms) = preSolution
		Debug|Any CPU = Debug|Any CPU
		Release|Any CPU = Release|Any CPU
	EndGlobalSection
	GlobalSection(ProjectConfigurationPlatforms) = postSolution
		{490FFEC1-C2BD-4E91-AA77-5B153C3E401C}.Debug|Any CPU.ActiveCfg = Debug|Any CPU
		{490FFEC1-C2BD-4E91-AA77-5B153C3E401C}.Debug|Any CPU.Build.0 = Debug|Any CPU
		{490FFEC1-C2BD-4E91-AA77-5B153C3E401C}.Release|Any CPU.ActiveCfg = Release|Any CPU
		{490FFEC1-C2BD-4E91-AA77-5B153C3E401C}.Release|Any CPU.Build.0 = Release|Any CPU
		{9C722301-03F0-45B7-877C-883C812C9EA0}.Debug|Any CPU.ActiveCfg = Debug|Any CPU
		{9C722301-03F0-45B7-877C-883C812C9EA0}.Debug|Any CPU.Build.0 = Debug|Any CPU
		{9C722301-03F0-45B7-877C-883C812C9EA0}.Release|Any CPU.ActiveCfg = Release|Any CPU
		{9C722301-03F0-45B7-877C-883C812C9EA0}.Release|Any CPU.Build.0 = Release|Any CPU
		{6BBA1E3B-2A80-4BE1-A064-83E4A6EB0CCB}.Debug|Any CPU.ActiveCfg = Debug|Any CPU
		{6BBA1E3B-2A80-4BE1-A064-83E4A6EB0CCB}.Debug|Any CPU.Build.0 = Debug|Any CPU
		{6BBA1E3B-2A80-4BE1-A064-83E4A6EB0CCB}.Release|Any CPU.ActiveCfg = Release|Any CPU
		{6BBA1E3B-2A80-4BE1-A064-83E4A6EB0CCB}.Release|Any CPU.Build.0 = Release|Any CPU
		{70CB2D73-D231-4EDC-A9CD-3E7BC3E71B38}.Debug|Any CPU.ActiveCfg = Debug|Any CPU
		{70CB2D73-D231-4EDC-A9CD-3E7BC3E71B38}.Debug|Any CPU.Build.0 = Debug|Any CPU
		{70CB2D73-D231-4EDC-A9CD-3E7BC3E71B38}.Release|Any CPU.ActiveCfg = Release|Any CPU
		{70CB2D73-D231-4EDC-A9CD-3E7BC3E71B38}.Release|Any CPU.Build.0 = Release|Any CPU
		{2EAA3EF9-0896-482D-895F-AB259E520869}.Debug|Any CPU.ActiveCfg = Debug|Any CPU
		{2EAA3EF9-0896-482D-895F-AB259E520869}.Debug|Any CPU.Build.0 = Debug|Any CPU
		{2EAA3EF9-0896-482D-895F-AB259E520869}.Release|Any CPU.ActiveCfg = Release|Any CPU
		{2EAA3EF9-0896-482D-895F-AB259E520869}.Release|Any CPU.Build.0 = Release|Any CPU
		{FD8A6254-4CA0-4516-A475-9E1C219ED3DA}.Debug|Any CPU.ActiveCfg = Debug|Any CPU
		{FD8A6254-4CA0-4516-A475-9E1C219ED3DA}.Debug|Any CPU.Build.0 = Debug|Any CPU
		{FD8A6254-4CA0-4516-A475-9E1C219ED3DA}.Release|Any CPU.ActiveCfg = Release|Any CPU
		{FD8A6254-4CA0-4516-A475-9E1C219ED3DA}.Release|Any CPU.Build.0 = Release|Any CPU
		{909541FC-F819-4F7F-9D70-2CB2B3D4604A}.Debug|Any CPU.ActiveCfg = Debug|Any CPU
		{909541FC-F819-4F7F-9D70-2CB2B3D4604A}.Debug|Any CPU.Build.0 = Debug|Any CPU
		{909541FC-F819-4F7F-9D70-2CB2B3D4604A}.Release|Any CPU.ActiveCfg = Release|Any CPU
		{909541FC-F819-4F7F-9D70-2CB2B3D4604A}.Release|Any CPU.Build.0 = Release|Any CPU
	EndGlobalSection
	GlobalSection(SolutionProperties) = preSolution
		HideSolutionNode = FALSE
	EndGlobalSection
	GlobalSection(ExtensibilityGlobals) = postSolution
		SolutionGuid = {939A0CAB-CA70-4614-A8E8-B30A8EF485B9}
	EndGlobalSection
EndGlobal
