
Microsoft Visual Studio Solution File, Format Version 12.00
# Visual Studio 15
VisualStudioVersion = 15.0.28010.2036
MinimumVisualStudioVersion = 10.0.40219.1
Project("{FAE04EC0-301F-11D3-BF4B-00C04F79EFBC}") = "EinstensRiddle", "EinstensRiddle\EinstensRiddle.csproj", "{F15F50B0-F0C7-4BA5-8576-809AACE7AD41}"
EndProject
Global
	GlobalSection(SolutionConfigurationPlatforms) = preSolution
		Debug|Any CPU = Debug|Any CPU
		Release|Any CPU = Release|Any CPU
	EndGlobalSection
	GlobalSection(ProjectConfigurationPlatforms) = postSolution
		{F15F50B0-F0C7-4BA5-8576-809AACE7AD41}.Debug|Any CPU.ActiveCfg = Debug|Any CPU
		{F15F50B0-F0C7-4BA5-8576-809AACE7AD41}.Debug|Any CPU.Build.0 = Debug|Any CPU
		{F15F50B0-F0C7-4BA5-8576-809AACE7AD41}.Release|Any CPU.ActiveCfg = Release|Any CPU
		{F15F50B0-F0C7-4BA5-8576-809AACE7AD41}.Release|Any CPU.Build.0 = Release|Any CPU
	EndGlobalSection
	GlobalSection(SolutionProperties) = preSolution
		HideSolutionNode = FALSE
	EndGlobalSection
	GlobalSection(ExtensibilityGlobals) = postSolution
		SolutionGuid = {EF85B868-D51D-4A5E-B335-B3EA00D698AC}
	EndGlobalSection
EndGlobal
