
Microsoft Visual Studio Solution File, Format Version 12.00
# Visual Studio Version 17
VisualStudioVersion = 17.1.32228.430
MinimumVisualStudioVersion = 10.0.40219.1
Project("{9A19103F-16F7-4668-BE54-9A1E7A4F7556}") = "P01_ValidUsernames", "P01_ValidUsernames\P01_ValidUsernames.csproj", "{94F4D6B9-2EE1-4EB2-B905-669382BA7343}"
EndProject
Project("{9A19103F-16F7-4668-BE54-9A1E7A4F7556}") = "P02_CharacterMultiplier", "P02_CharacterMultiplier\P02_CharacterMultiplier.csproj", "{9EE05902-B5B0-40FE-9197-C79B04EC16E4}"
EndProject
Project("{9A19103F-16F7-4668-BE54-9A1E7A4F7556}") = "P03_ExtractFile", "P03_ExtractFile\P03_ExtractFile.csproj", "{00E7BD66-9FFF-46BE-9652-85E9B8961B88}"
EndProject
Project("{9A19103F-16F7-4668-BE54-9A1E7A4F7556}") = "P04_CaesarCipher", "P04_CaesarCipher\P04_CaesarCipher.csproj", "{55756A7C-EB8C-46DA-812F-83F75F94E4F8}"
EndProject
Project("{9A19103F-16F7-4668-BE54-9A1E7A4F7556}") = "P05_MultiplyBigNumber", "P05_MultiplyBigNumber\P05_MultiplyBigNumber.csproj", "{642A939E-769E-4F92-9B09-A48EBA509993}"
EndProject
Project("{9A19103F-16F7-4668-BE54-9A1E7A4F7556}") = "P06_ReplaceRepeatingChars", "P06_ReplaceRepeatingChars\P06_ReplaceRepeatingChars.csproj", "{B68E3A2F-5B38-44B1-9540-23C4147FDB5C}"
EndProject
Project("{9A19103F-16F7-4668-BE54-9A1E7A4F7556}") = "P07_StringExplosion", "P07_StringExplosion\P07_StringExplosion.csproj", "{30F7A1AD-D9B3-4EEF-A882-CFDDC9D54BD2}"
EndProject
Project("{9A19103F-16F7-4668-BE54-9A1E7A4F7556}") = "P08_LettersChangeNumbers", "P08_LettersChangeNumbers\P08_LettersChangeNumbers.csproj", "{89123B67-DE60-4040-94A8-855907B1F9A8}"
EndProject
Project("{9A19103F-16F7-4668-BE54-9A1E7A4F7556}") = "P09_RageQuit", "P09_RageQuit\P09_RageQuit.csproj", "{A2561613-CC26-454A-B647-E2F34777E601}"
EndProject
Project("{FAE04EC0-301F-11D3-BF4B-00C04F79EFBC}") = "P10_WinningTicket", "P10_WinningTicket\P10_WinningTicket.csproj", "{2EDACFB8-057D-4385-AA92-57401BBFFFF5}"
EndProject
Global
	GlobalSection(SolutionConfigurationPlatforms) = preSolution
		Debug|Any CPU = Debug|Any CPU
		Release|Any CPU = Release|Any CPU
	EndGlobalSection
	GlobalSection(ProjectConfigurationPlatforms) = postSolution
		{94F4D6B9-2EE1-4EB2-B905-669382BA7343}.Debug|Any CPU.ActiveCfg = Debug|Any CPU
		{94F4D6B9-2EE1-4EB2-B905-669382BA7343}.Debug|Any CPU.Build.0 = Debug|Any CPU
		{94F4D6B9-2EE1-4EB2-B905-669382BA7343}.Release|Any CPU.ActiveCfg = Release|Any CPU
		{94F4D6B9-2EE1-4EB2-B905-669382BA7343}.Release|Any CPU.Build.0 = Release|Any CPU
		{9EE05902-B5B0-40FE-9197-C79B04EC16E4}.Debug|Any CPU.ActiveCfg = Debug|Any CPU
		{9EE05902-B5B0-40FE-9197-C79B04EC16E4}.Debug|Any CPU.Build.0 = Debug|Any CPU
		{9EE05902-B5B0-40FE-9197-C79B04EC16E4}.Release|Any CPU.ActiveCfg = Release|Any CPU
		{9EE05902-B5B0-40FE-9197-C79B04EC16E4}.Release|Any CPU.Build.0 = Release|Any CPU
		{00E7BD66-9FFF-46BE-9652-85E9B8961B88}.Debug|Any CPU.ActiveCfg = Debug|Any CPU
		{00E7BD66-9FFF-46BE-9652-85E9B8961B88}.Debug|Any CPU.Build.0 = Debug|Any CPU
		{00E7BD66-9FFF-46BE-9652-85E9B8961B88}.Release|Any CPU.ActiveCfg = Release|Any CPU
		{00E7BD66-9FFF-46BE-9652-85E9B8961B88}.Release|Any CPU.Build.0 = Release|Any CPU
		{55756A7C-EB8C-46DA-812F-83F75F94E4F8}.Debug|Any CPU.ActiveCfg = Debug|Any CPU
		{55756A7C-EB8C-46DA-812F-83F75F94E4F8}.Debug|Any CPU.Build.0 = Debug|Any CPU
		{55756A7C-EB8C-46DA-812F-83F75F94E4F8}.Release|Any CPU.ActiveCfg = Release|Any CPU
		{55756A7C-EB8C-46DA-812F-83F75F94E4F8}.Release|Any CPU.Build.0 = Release|Any CPU
		{642A939E-769E-4F92-9B09-A48EBA509993}.Debug|Any CPU.ActiveCfg = Debug|Any CPU
		{642A939E-769E-4F92-9B09-A48EBA509993}.Debug|Any CPU.Build.0 = Debug|Any CPU
		{642A939E-769E-4F92-9B09-A48EBA509993}.Release|Any CPU.ActiveCfg = Release|Any CPU
		{642A939E-769E-4F92-9B09-A48EBA509993}.Release|Any CPU.Build.0 = Release|Any CPU
		{B68E3A2F-5B38-44B1-9540-23C4147FDB5C}.Debug|Any CPU.ActiveCfg = Debug|Any CPU
		{B68E3A2F-5B38-44B1-9540-23C4147FDB5C}.Debug|Any CPU.Build.0 = Debug|Any CPU
		{B68E3A2F-5B38-44B1-9540-23C4147FDB5C}.Release|Any CPU.ActiveCfg = Release|Any CPU
		{B68E3A2F-5B38-44B1-9540-23C4147FDB5C}.Release|Any CPU.Build.0 = Release|Any CPU
		{30F7A1AD-D9B3-4EEF-A882-CFDDC9D54BD2}.Debug|Any CPU.ActiveCfg = Debug|Any CPU
		{30F7A1AD-D9B3-4EEF-A882-CFDDC9D54BD2}.Debug|Any CPU.Build.0 = Debug|Any CPU
		{30F7A1AD-D9B3-4EEF-A882-CFDDC9D54BD2}.Release|Any CPU.ActiveCfg = Release|Any CPU
		{30F7A1AD-D9B3-4EEF-A882-CFDDC9D54BD2}.Release|Any CPU.Build.0 = Release|Any CPU
		{89123B67-DE60-4040-94A8-855907B1F9A8}.Debug|Any CPU.ActiveCfg = Debug|Any CPU
		{89123B67-DE60-4040-94A8-855907B1F9A8}.Debug|Any CPU.Build.0 = Debug|Any CPU
		{89123B67-DE60-4040-94A8-855907B1F9A8}.Release|Any CPU.ActiveCfg = Release|Any CPU
		{89123B67-DE60-4040-94A8-855907B1F9A8}.Release|Any CPU.Build.0 = Release|Any CPU
		{A2561613-CC26-454A-B647-E2F34777E601}.Debug|Any CPU.ActiveCfg = Debug|Any CPU
		{A2561613-CC26-454A-B647-E2F34777E601}.Debug|Any CPU.Build.0 = Debug|Any CPU
		{A2561613-CC26-454A-B647-E2F34777E601}.Release|Any CPU.ActiveCfg = Release|Any CPU
		{A2561613-CC26-454A-B647-E2F34777E601}.Release|Any CPU.Build.0 = Release|Any CPU
		{2EDACFB8-057D-4385-AA92-57401BBFFFF5}.Debug|Any CPU.ActiveCfg = Debug|Any CPU
		{2EDACFB8-057D-4385-AA92-57401BBFFFF5}.Debug|Any CPU.Build.0 = Debug|Any CPU
		{2EDACFB8-057D-4385-AA92-57401BBFFFF5}.Release|Any CPU.ActiveCfg = Release|Any CPU
		{2EDACFB8-057D-4385-AA92-57401BBFFFF5}.Release|Any CPU.Build.0 = Release|Any CPU
	EndGlobalSection
	GlobalSection(SolutionProperties) = preSolution
		HideSolutionNode = FALSE
	EndGlobalSection
	GlobalSection(ExtensibilityGlobals) = postSolution
		SolutionGuid = {68D2D8E0-0E3C-4568-BC87-5E533A4A0637}
	EndGlobalSection
EndGlobal
