
Microsoft Visual Studio Solution File, Format Version 12.00
# Visual Studio 15
VisualStudioVersion = 15.0.28010.2036
MinimumVisualStudioVersion = 10.0.40219.1
Project("{FAE04EC0-301F-11D3-BF4B-00C04F79EFBC}") = "P01_CountRealNumbers", "P01_CountRealNumbers\P01_CountRealNumbers.csproj", "{A9CFB0B8-0B9E-4AD9-80FA-79585BEF662F}"
EndProject
Project("{FAE04EC0-301F-11D3-BF4B-00C04F79EFBC}") = "P02_OddOccurrences", "P02_OddOccurrences\P02_OddOccurrences.csproj", "{E0F248EB-C673-4ED3-96CB-2AED3A11B283}"
EndProject
Project("{FAE04EC0-301F-11D3-BF4B-00C04F79EFBC}") = "P03_WordSynonyms", "P03_WordSynonyms\P03_WordSynonyms.csproj", "{06C94629-28AE-400C-B75A-C1E7A56CD89B}"
EndProject
Project("{FAE04EC0-301F-11D3-BF4B-00C04F79EFBC}") = "P04_Largest3Numbers", "P04_Largest3Numbers\P04_Largest3Numbers.csproj", "{64535023-E076-42EE-8EDB-768F6D4C301F}"
EndProject
Project("{FAE04EC0-301F-11D3-BF4B-00C04F79EFBC}") = "P05_WordFilter", "P05_WordFilter\P05_WordFilter.csproj", "{A071E3BE-4C37-4A21-B4A4-C9385EE0C908}"
EndProject
Global
	GlobalSection(SolutionConfigurationPlatforms) = preSolution
		Debug|Any CPU = Debug|Any CPU
		Release|Any CPU = Release|Any CPU
	EndGlobalSection
	GlobalSection(ProjectConfigurationPlatforms) = postSolution
		{A9CFB0B8-0B9E-4AD9-80FA-79585BEF662F}.Debug|Any CPU.ActiveCfg = Debug|Any CPU
		{A9CFB0B8-0B9E-4AD9-80FA-79585BEF662F}.Debug|Any CPU.Build.0 = Debug|Any CPU
		{A9CFB0B8-0B9E-4AD9-80FA-79585BEF662F}.Release|Any CPU.ActiveCfg = Release|Any CPU
		{A9CFB0B8-0B9E-4AD9-80FA-79585BEF662F}.Release|Any CPU.Build.0 = Release|Any CPU
		{E0F248EB-C673-4ED3-96CB-2AED3A11B283}.Debug|Any CPU.ActiveCfg = Debug|Any CPU
		{E0F248EB-C673-4ED3-96CB-2AED3A11B283}.Debug|Any CPU.Build.0 = Debug|Any CPU
		{E0F248EB-C673-4ED3-96CB-2AED3A11B283}.Release|Any CPU.ActiveCfg = Release|Any CPU
		{E0F248EB-C673-4ED3-96CB-2AED3A11B283}.Release|Any CPU.Build.0 = Release|Any CPU
		{06C94629-28AE-400C-B75A-C1E7A56CD89B}.Debug|Any CPU.ActiveCfg = Debug|Any CPU
		{06C94629-28AE-400C-B75A-C1E7A56CD89B}.Debug|Any CPU.Build.0 = Debug|Any CPU
		{06C94629-28AE-400C-B75A-C1E7A56CD89B}.Release|Any CPU.ActiveCfg = Release|Any CPU
		{06C94629-28AE-400C-B75A-C1E7A56CD89B}.Release|Any CPU.Build.0 = Release|Any CPU
		{64535023-E076-42EE-8EDB-768F6D4C301F}.Debug|Any CPU.ActiveCfg = Debug|Any CPU
		{64535023-E076-42EE-8EDB-768F6D4C301F}.Debug|Any CPU.Build.0 = Debug|Any CPU
		{64535023-E076-42EE-8EDB-768F6D4C301F}.Release|Any CPU.ActiveCfg = Release|Any CPU
		{64535023-E076-42EE-8EDB-768F6D4C301F}.Release|Any CPU.Build.0 = Release|Any CPU
		{A071E3BE-4C37-4A21-B4A4-C9385EE0C908}.Debug|Any CPU.ActiveCfg = Debug|Any CPU
		{A071E3BE-4C37-4A21-B4A4-C9385EE0C908}.Debug|Any CPU.Build.0 = Debug|Any CPU
		{A071E3BE-4C37-4A21-B4A4-C9385EE0C908}.Release|Any CPU.ActiveCfg = Release|Any CPU
		{A071E3BE-4C37-4A21-B4A4-C9385EE0C908}.Release|Any CPU.Build.0 = Release|Any CPU
	EndGlobalSection
	GlobalSection(SolutionProperties) = preSolution
		HideSolutionNode = FALSE
	EndGlobalSection
	GlobalSection(ExtensibilityGlobals) = postSolution
		SolutionGuid = {B4A141B2-2354-46E4-8EAF-4F68B7779538}
	EndGlobalSection
EndGlobal
