
Microsoft Visual Studio Solution File, Format Version 12.00
# Visual Studio 15
VisualStudioVersion = 15.0.28307.168
MinimumVisualStudioVersion = 10.0.40219.1
Project("{9A19103F-16F7-4668-BE54-9A1E7A4F7556}") = "P01", "P01\P01.csproj", "{EF94387E-F567-41D9-9E12-C5F706DC1F67}"
EndProject
Project("{FAE04EC0-301F-11D3-BF4B-00C04F79EFBC}") = "P02", "P02\P02.csproj", "{BCC4D389-08F6-44F8-AA1E-0EC9DB0581A3}"
EndProject
Project("{FAE04EC0-301F-11D3-BF4B-00C04F79EFBC}") = "P03", "P03\P03.csproj", "{9DC0453F-92E5-41F7-B9CD-8D27FEF19B54}"
EndProject
Project("{FAE04EC0-301F-11D3-BF4B-00C04F79EFBC}") = "P04", "P04\P04.csproj", "{94FBAB7B-67A9-42F4-BF60-D0E534CFE53E}"
EndProject
Project("{FAE04EC0-301F-11D3-BF4B-00C04F79EFBC}") = "P05", "P05\P05.csproj", "{C1C64F66-402A-44A7-B116-963B130FB7AF}"
EndProject
Project("{FAE04EC0-301F-11D3-BF4B-00C04F79EFBC}") = "P06", "P06\P06.csproj", "{16EE39BF-6C23-4451-8C34-E394634DAA1D}"
EndProject
Global
	GlobalSection(SolutionConfigurationPlatforms) = preSolution
		Debug|Any CPU = Debug|Any CPU
		Release|Any CPU = Release|Any CPU
	EndGlobalSection
	GlobalSection(ProjectConfigurationPlatforms) = postSolution
		{EF94387E-F567-41D9-9E12-C5F706DC1F67}.Debug|Any CPU.ActiveCfg = Debug|Any CPU
		{EF94387E-F567-41D9-9E12-C5F706DC1F67}.Debug|Any CPU.Build.0 = Debug|Any CPU
		{EF94387E-F567-41D9-9E12-C5F706DC1F67}.Release|Any CPU.ActiveCfg = Release|Any CPU
		{EF94387E-F567-41D9-9E12-C5F706DC1F67}.Release|Any CPU.Build.0 = Release|Any CPU
		{BCC4D389-08F6-44F8-AA1E-0EC9DB0581A3}.Debug|Any CPU.ActiveCfg = Debug|Any CPU
		{BCC4D389-08F6-44F8-AA1E-0EC9DB0581A3}.Debug|Any CPU.Build.0 = Debug|Any CPU
		{BCC4D389-08F6-44F8-AA1E-0EC9DB0581A3}.Release|Any CPU.ActiveCfg = Release|Any CPU
		{BCC4D389-08F6-44F8-AA1E-0EC9DB0581A3}.Release|Any CPU.Build.0 = Release|Any CPU
		{9DC0453F-92E5-41F7-B9CD-8D27FEF19B54}.Debug|Any CPU.ActiveCfg = Debug|Any CPU
		{9DC0453F-92E5-41F7-B9CD-8D27FEF19B54}.Debug|Any CPU.Build.0 = Debug|Any CPU
		{9DC0453F-92E5-41F7-B9CD-8D27FEF19B54}.Release|Any CPU.ActiveCfg = Release|Any CPU
		{9DC0453F-92E5-41F7-B9CD-8D27FEF19B54}.Release|Any CPU.Build.0 = Release|Any CPU
		{94FBAB7B-67A9-42F4-BF60-D0E534CFE53E}.Debug|Any CPU.ActiveCfg = Debug|Any CPU
		{94FBAB7B-67A9-42F4-BF60-D0E534CFE53E}.Debug|Any CPU.Build.0 = Debug|Any CPU
		{94FBAB7B-67A9-42F4-BF60-D0E534CFE53E}.Release|Any CPU.ActiveCfg = Release|Any CPU
		{94FBAB7B-67A9-42F4-BF60-D0E534CFE53E}.Release|Any CPU.Build.0 = Release|Any CPU
		{C1C64F66-402A-44A7-B116-963B130FB7AF}.Debug|Any CPU.ActiveCfg = Debug|Any CPU
		{C1C64F66-402A-44A7-B116-963B130FB7AF}.Debug|Any CPU.Build.0 = Debug|Any CPU
		{C1C64F66-402A-44A7-B116-963B130FB7AF}.Release|Any CPU.ActiveCfg = Release|Any CPU
		{C1C64F66-402A-44A7-B116-963B130FB7AF}.Release|Any CPU.Build.0 = Release|Any CPU
		{16EE39BF-6C23-4451-8C34-E394634DAA1D}.Debug|Any CPU.ActiveCfg = Debug|Any CPU
		{16EE39BF-6C23-4451-8C34-E394634DAA1D}.Debug|Any CPU.Build.0 = Debug|Any CPU
		{16EE39BF-6C23-4451-8C34-E394634DAA1D}.Release|Any CPU.ActiveCfg = Release|Any CPU
		{16EE39BF-6C23-4451-8C34-E394634DAA1D}.Release|Any CPU.Build.0 = Release|Any CPU
	EndGlobalSection
	GlobalSection(SolutionProperties) = preSolution
		HideSolutionNode = FALSE
	EndGlobalSection
	GlobalSection(ExtensibilityGlobals) = postSolution
		SolutionGuid = {02EE163F-0D8C-468D-9902-3AE0DA52AD0F}
	EndGlobalSection
EndGlobal
