
Microsoft Visual Studio Solution File, Format Version 12.00
# Visual Studio 15
VisualStudioVersion = 15.0.28307.168
MinimumVisualStudioVersion = 10.0.40219.1
Project("{9A19103F-16F7-4668-BE54-9A1E7A4F7556}") = "P01", "P01\P01.csproj", "{10B00159-BDF9-45B6-9BEB-2CFFE316363D}"
EndProject
Project("{9A19103F-16F7-4668-BE54-9A1E7A4F7556}") = "P02", "P02\P02.csproj", "{1701978E-FAD6-4BFA-9A47-7229F2F652E3}"
EndProject
Project("{9A19103F-16F7-4668-BE54-9A1E7A4F7556}") = "P03", "P03\P03.csproj", "{554B03EC-D34E-4292-B8AB-899EBCDBE1EE}"
EndProject
Project("{9A19103F-16F7-4668-BE54-9A1E7A4F7556}") = "P04", "P04\P04.csproj", "{2F6CD843-E213-4D67-9549-8E32457A2D63}"
EndProject
Project("{9A19103F-16F7-4668-BE54-9A1E7A4F7556}") = "P05", "P05\P05.csproj", "{A38FFD6B-084C-47E5-8775-964A2EB805C0}"
EndProject
Project("{9A19103F-16F7-4668-BE54-9A1E7A4F7556}") = "P06", "P06\P06.csproj", "{5C49DAFA-A109-41C1-B86A-5684D57BE57B}"
EndProject
Project("{FAE04EC0-301F-11D3-BF4B-00C04F79EFBC}") = "P07", "P07\P07.csproj", "{6D27EB8F-2B25-429A-856A-1F3F4B74567D}"
EndProject
Project("{FAE04EC0-301F-11D3-BF4B-00C04F79EFBC}") = "P08", "P08\P08.csproj", "{80A86E5B-35D8-44E2-A71E-203760F7F3C5}"
EndProject
Project("{FAE04EC0-301F-11D3-BF4B-00C04F79EFBC}") = "P09", "P09\P09.csproj", "{1913B812-512B-491D-A8AE-EDB4190F2D88}"
EndProject
Project("{FAE04EC0-301F-11D3-BF4B-00C04F79EFBC}") = "P10", "P10\P10.csproj", "{BE7CFE8A-A444-4041-BE8E-7D5C31F7AFAC}"
EndProject
Project("{FAE04EC0-301F-11D3-BF4B-00C04F79EFBC}") = "P11", "P11\P11.csproj", "{64436244-09E7-40D6-A43A-4D4F04AC13BA}"
EndProject
Project("{FAE04EC0-301F-11D3-BF4B-00C04F79EFBC}") = "P12", "P12\P12.csproj", "{E5AB2730-2FE3-4B4F-8F8E-998F957E7823}"
EndProject
Global
	GlobalSection(SolutionConfigurationPlatforms) = preSolution
		Debug|Any CPU = Debug|Any CPU
		Release|Any CPU = Release|Any CPU
	EndGlobalSection
	GlobalSection(ProjectConfigurationPlatforms) = postSolution
		{10B00159-BDF9-45B6-9BEB-2CFFE316363D}.Debug|Any CPU.ActiveCfg = Debug|Any CPU
		{10B00159-BDF9-45B6-9BEB-2CFFE316363D}.Debug|Any CPU.Build.0 = Debug|Any CPU
		{10B00159-BDF9-45B6-9BEB-2CFFE316363D}.Release|Any CPU.ActiveCfg = Release|Any CPU
		{10B00159-BDF9-45B6-9BEB-2CFFE316363D}.Release|Any CPU.Build.0 = Release|Any CPU
		{1701978E-FAD6-4BFA-9A47-7229F2F652E3}.Debug|Any CPU.ActiveCfg = Debug|Any CPU
		{1701978E-FAD6-4BFA-9A47-7229F2F652E3}.Debug|Any CPU.Build.0 = Debug|Any CPU
		{1701978E-FAD6-4BFA-9A47-7229F2F652E3}.Release|Any CPU.ActiveCfg = Release|Any CPU
		{1701978E-FAD6-4BFA-9A47-7229F2F652E3}.Release|Any CPU.Build.0 = Release|Any CPU
		{554B03EC-D34E-4292-B8AB-899EBCDBE1EE}.Debug|Any CPU.ActiveCfg = Debug|Any CPU
		{554B03EC-D34E-4292-B8AB-899EBCDBE1EE}.Debug|Any CPU.Build.0 = Debug|Any CPU
		{554B03EC-D34E-4292-B8AB-899EBCDBE1EE}.Release|Any CPU.ActiveCfg = Release|Any CPU
		{554B03EC-D34E-4292-B8AB-899EBCDBE1EE}.Release|Any CPU.Build.0 = Release|Any CPU
		{2F6CD843-E213-4D67-9549-8E32457A2D63}.Debug|Any CPU.ActiveCfg = Debug|Any CPU
		{2F6CD843-E213-4D67-9549-8E32457A2D63}.Debug|Any CPU.Build.0 = Debug|Any CPU
		{2F6CD843-E213-4D67-9549-8E32457A2D63}.Release|Any CPU.ActiveCfg = Release|Any CPU
		{2F6CD843-E213-4D67-9549-8E32457A2D63}.Release|Any CPU.Build.0 = Release|Any CPU
		{A38FFD6B-084C-47E5-8775-964A2EB805C0}.Debug|Any CPU.ActiveCfg = Debug|Any CPU
		{A38FFD6B-084C-47E5-8775-964A2EB805C0}.Debug|Any CPU.Build.0 = Debug|Any CPU
		{A38FFD6B-084C-47E5-8775-964A2EB805C0}.Release|Any CPU.ActiveCfg = Release|Any CPU
		{A38FFD6B-084C-47E5-8775-964A2EB805C0}.Release|Any CPU.Build.0 = Release|Any CPU
		{5C49DAFA-A109-41C1-B86A-5684D57BE57B}.Debug|Any CPU.ActiveCfg = Debug|Any CPU
		{5C49DAFA-A109-41C1-B86A-5684D57BE57B}.Debug|Any CPU.Build.0 = Debug|Any CPU
		{5C49DAFA-A109-41C1-B86A-5684D57BE57B}.Release|Any CPU.ActiveCfg = Release|Any CPU
		{5C49DAFA-A109-41C1-B86A-5684D57BE57B}.Release|Any CPU.Build.0 = Release|Any CPU
		{6D27EB8F-2B25-429A-856A-1F3F4B74567D}.Debug|Any CPU.ActiveCfg = Debug|Any CPU
		{6D27EB8F-2B25-429A-856A-1F3F4B74567D}.Debug|Any CPU.Build.0 = Debug|Any CPU
		{6D27EB8F-2B25-429A-856A-1F3F4B74567D}.Release|Any CPU.ActiveCfg = Release|Any CPU
		{6D27EB8F-2B25-429A-856A-1F3F4B74567D}.Release|Any CPU.Build.0 = Release|Any CPU
		{80A86E5B-35D8-44E2-A71E-203760F7F3C5}.Debug|Any CPU.ActiveCfg = Debug|Any CPU
		{80A86E5B-35D8-44E2-A71E-203760F7F3C5}.Debug|Any CPU.Build.0 = Debug|Any CPU
		{80A86E5B-35D8-44E2-A71E-203760F7F3C5}.Release|Any CPU.ActiveCfg = Release|Any CPU
		{80A86E5B-35D8-44E2-A71E-203760F7F3C5}.Release|Any CPU.Build.0 = Release|Any CPU
		{1913B812-512B-491D-A8AE-EDB4190F2D88}.Debug|Any CPU.ActiveCfg = Debug|Any CPU
		{1913B812-512B-491D-A8AE-EDB4190F2D88}.Debug|Any CPU.Build.0 = Debug|Any CPU
		{1913B812-512B-491D-A8AE-EDB4190F2D88}.Release|Any CPU.ActiveCfg = Release|Any CPU
		{1913B812-512B-491D-A8AE-EDB4190F2D88}.Release|Any CPU.Build.0 = Release|Any CPU
		{BE7CFE8A-A444-4041-BE8E-7D5C31F7AFAC}.Debug|Any CPU.ActiveCfg = Debug|Any CPU
		{BE7CFE8A-A444-4041-BE8E-7D5C31F7AFAC}.Debug|Any CPU.Build.0 = Debug|Any CPU
		{BE7CFE8A-A444-4041-BE8E-7D5C31F7AFAC}.Release|Any CPU.ActiveCfg = Release|Any CPU
		{BE7CFE8A-A444-4041-BE8E-7D5C31F7AFAC}.Release|Any CPU.Build.0 = Release|Any CPU
		{64436244-09E7-40D6-A43A-4D4F04AC13BA}.Debug|Any CPU.ActiveCfg = Debug|Any CPU
		{64436244-09E7-40D6-A43A-4D4F04AC13BA}.Debug|Any CPU.Build.0 = Debug|Any CPU
		{64436244-09E7-40D6-A43A-4D4F04AC13BA}.Release|Any CPU.ActiveCfg = Release|Any CPU
		{64436244-09E7-40D6-A43A-4D4F04AC13BA}.Release|Any CPU.Build.0 = Release|Any CPU
		{E5AB2730-2FE3-4B4F-8F8E-998F957E7823}.Debug|Any CPU.ActiveCfg = Debug|Any CPU
		{E5AB2730-2FE3-4B4F-8F8E-998F957E7823}.Debug|Any CPU.Build.0 = Debug|Any CPU
		{E5AB2730-2FE3-4B4F-8F8E-998F957E7823}.Release|Any CPU.ActiveCfg = Release|Any CPU
		{E5AB2730-2FE3-4B4F-8F8E-998F957E7823}.Release|Any CPU.Build.0 = Release|Any CPU
	EndGlobalSection
	GlobalSection(SolutionProperties) = preSolution
		HideSolutionNode = FALSE
	EndGlobalSection
	GlobalSection(ExtensibilityGlobals) = postSolution
		SolutionGuid = {1EA8E401-906D-447B-B2B8-D7FCC446BDB3}
	EndGlobalSection
EndGlobal
