
Microsoft Visual Studio Solution File, Format Version 12.00
# Visual Studio 15
VisualStudioVersion = 15.0.28307.168
MinimumVisualStudioVersion = 10.0.40219.1
Project("{FAE04EC0-301F-11D3-BF4B-00C04F79EFBC}") = "PersonsInfo", "PersonsInfo\PersonsInfo.csproj", "{40495C4F-3178-412D-B4C8-B7E4E787E96F}"
EndProject
Global
	GlobalSection(SolutionConfigurationPlatforms) = preSolution
		Debug|Any CPU = Debug|Any CPU
		Release|Any CPU = Release|Any CPU
	EndGlobalSection
	GlobalSection(ProjectConfigurationPlatforms) = postSolution
		{40495C4F-3178-412D-B4C8-B7E4E787E96F}.Debug|Any CPU.ActiveCfg = Debug|Any CPU
		{40495C4F-3178-412D-B4C8-B7E4E787E96F}.Debug|Any CPU.Build.0 = Debug|Any CPU
		{40495C4F-3178-412D-B4C8-B7E4E787E96F}.Release|Any CPU.ActiveCfg = Release|Any CPU
		{40495C4F-3178-412D-B4C8-B7E4E787E96F}.Release|Any CPU.Build.0 = Release|Any CPU
	EndGlobalSection
	GlobalSection(SolutionProperties) = preSolution
		HideSolutionNode = FALSE
	EndGlobalSection
	GlobalSection(ExtensibilityGlobals) = postSolution
		SolutionGuid = {D09F997F-2630-442E-9EAA-B4C0B748BCE1}
	EndGlobalSection
EndGlobal
