
Microsoft Visual Studio Solution File, Format Version 12.00
# Visual Studio 15
VisualStudioVersion = 15.0.28010.2036
MinimumVisualStudioVersion = 10.0.40219.1
Project("{9A19103F-16F7-4668-BE54-9A1E7A4F7556}") = "P01_ValidUsernames", "P01_ValidUsernames\P01_ValidUsernames.csproj", "{94F4D6B9-2EE1-4EB2-B905-669382BA7343}"
EndProject
Project("{9A19103F-16F7-4668-BE54-9A1E7A4F7556}") = "P02_CharacterMultiplier", "P02_CharacterMultiplier\P02_CharacterMultiplier.csproj", "{9EE05902-B5B0-40FE-9197-C79B04EC16E4}"
EndProject
Project("{FAE04EC0-301F-11D3-BF4B-00C04F79EFBC}") = "P03_ExtractFile", "P03_ExtractFile\P03_ExtractFile.csproj", "{00E7BD66-9FFF-46BE-9652-85E9B8961B88}"
EndProject
Global
	GlobalSection(SolutionConfigurationPlatforms) = preSolution
		Debug|Any CPU = Debug|Any CPU
		Release|Any CPU = Release|Any CPU
	EndGlobalSection
	GlobalSection(ProjectConfigurationPlatforms) = postSolution
		{94F4D6B9-2EE1-4EB2-B905-669382BA7343}.Debug|Any CPU.ActiveCfg = Debug|Any CPU
		{94F4D6B9-2EE1-4EB2-B905-669382BA7343}.Debug|Any CPU.Build.0 = Debug|Any CPU
		{94F4D6B9-2EE1-4EB2-B905-669382BA7343}.Release|Any CPU.ActiveCfg = Release|Any CPU
		{94F4D6B9-2EE1-4EB2-B905-669382BA7343}.Release|Any CPU.Build.0 = Release|Any CPU
		{9EE05902-B5B0-40FE-9197-C79B04EC16E4}.Debug|Any CPU.ActiveCfg = Debug|Any CPU
		{9EE05902-B5B0-40FE-9197-C79B04EC16E4}.Debug|Any CPU.Build.0 = Debug|Any CPU
		{9EE05902-B5B0-40FE-9197-C79B04EC16E4}.Release|Any CPU.ActiveCfg = Release|Any CPU
		{9EE05902-B5B0-40FE-9197-C79B04EC16E4}.Release|Any CPU.Build.0 = Release|Any CPU
		{00E7BD66-9FFF-46BE-9652-85E9B8961B88}.Debug|Any CPU.ActiveCfg = Debug|Any CPU
		{00E7BD66-9FFF-46BE-9652-85E9B8961B88}.Debug|Any CPU.Build.0 = Debug|Any CPU
		{00E7BD66-9FFF-46BE-9652-85E9B8961B88}.Release|Any CPU.ActiveCfg = Release|Any CPU
		{00E7BD66-9FFF-46BE-9652-85E9B8961B88}.Release|Any CPU.Build.0 = Release|Any CPU
	EndGlobalSection
	GlobalSection(SolutionProperties) = preSolution
		HideSolutionNode = FALSE
	EndGlobalSection
	GlobalSection(ExtensibilityGlobals) = postSolution
		SolutionGuid = {68D2D8E0-0E3C-4568-BC87-5E533A4A0637}
	EndGlobalSection
EndGlobal
