
Microsoft Visual Studio Solution File, Format Version 12.00
# Visual Studio 15
VisualStudioVersion = 15.0.28307.168
MinimumVisualStudioVersion = 10.0.40219.1
Project("{FAE04EC0-301F-11D3-BF4B-00C04F79EFBC}") = "P01_Concert", "P01_Concert\P01_Concert.csproj", "{7820722D-F11D-47EB-B814-9D68368DB1F9}"
EndProject
Project("{FAE04EC0-301F-11D3-BF4B-00C04F79EFBC}") = "P02_SongEncryption", "P02_SongEncryption\P02_SongEncryption.csproj", "{0FC39E14-977A-45E6-9E13-7B83A7B92AF6}"
EndProject
Global
	GlobalSection(SolutionConfigurationPlatforms) = preSolution
		Debug|Any CPU = Debug|Any CPU
		Release|Any CPU = Release|Any CPU
	EndGlobalSection
	GlobalSection(ProjectConfigurationPlatforms) = postSolution
		{7820722D-F11D-47EB-B814-9D68368DB1F9}.Debug|Any CPU.ActiveCfg = Debug|Any CPU
		{7820722D-F11D-47EB-B814-9D68368DB1F9}.Debug|Any CPU.Build.0 = Debug|Any CPU
		{7820722D-F11D-47EB-B814-9D68368DB1F9}.Release|Any CPU.ActiveCfg = Release|Any CPU
		{7820722D-F11D-47EB-B814-9D68368DB1F9}.Release|Any CPU.Build.0 = Release|Any CPU
		{0FC39E14-977A-45E6-9E13-7B83A7B92AF6}.Debug|Any CPU.ActiveCfg = Debug|Any CPU
		{0FC39E14-977A-45E6-9E13-7B83A7B92AF6}.Debug|Any CPU.Build.0 = Debug|Any CPU
		{0FC39E14-977A-45E6-9E13-7B83A7B92AF6}.Release|Any CPU.ActiveCfg = Release|Any CPU
		{0FC39E14-977A-45E6-9E13-7B83A7B92AF6}.Release|Any CPU.Build.0 = Release|Any CPU
	EndGlobalSection
	GlobalSection(SolutionProperties) = preSolution
		HideSolutionNode = FALSE
	EndGlobalSection
	GlobalSection(ExtensibilityGlobals) = postSolution
		SolutionGuid = {08139FDA-71A1-43F6-AD92-A408DD92469C}
	EndGlobalSection
EndGlobal
