
Microsoft Visual Studio Solution File, Format Version 12.00
# Visual Studio Version 17
VisualStudioVersion = 17.1.32228.430
MinimumVisualStudioVersion = 10.0.40219.1
Project("{9A19103F-16F7-4668-BE54-9A1E7A4F7556}") = "SUS.HTTP", "SUS.HTTP\SUS.HTTP.csproj", "{6EF664E1-15BC-4E31-9B31-68C3DC139D1B}"
EndProject
Project("{9A19103F-16F7-4668-BE54-9A1E7A4F7556}") = "SUS.MvcFramework", "SUS.MvcFramework\SUS.MvcFramework.csproj", "{A21101D2-3BD3-4B6A-A854-7D5176A43C44}"
EndProject
Project("{2150E333-8FDC-42A3-9474-1A3956D46DE8}") = "Apps", "Apps", "{D058481A-B479-499D-ADB8-9108A526A334}"
EndProject
Project("{9A19103F-16F7-4668-BE54-9A1E7A4F7556}") = "BattleCards", "Apps\BattleCards\BattleCards.csproj", "{6204167A-64AF-4AED-A891-F178B981DD6C}"
EndProject
Project("{9A19103F-16F7-4668-BE54-9A1E7A4F7556}") = "Suls", "Apps\Suls\Suls.csproj", "{DD79BC92-4BDA-4411-B298-7FD7C705D911}"
EndProject
Project("{9A19103F-16F7-4668-BE54-9A1E7A4F7556}") = "SharedTrip", "Apps\SharedTrip\SharedTrip.csproj", "{64D06F06-38BD-49AE-8B74-BA7A314F7476}"
EndProject
Project("{9A19103F-16F7-4668-BE54-9A1E7A4F7556}") = "Andreys", "Apps\Andreys\Andreys.csproj", "{BF132AD2-F0EE-489C-87DC-D6CA6A0F77D2}"
EndProject
Project("{9A19103F-16F7-4668-BE54-9A1E7A4F7556}") = "CarShop", "Apps\CarShop\CarShop.csproj", "{4929E48C-A34B-4ADF-9F79-2C15F6036F8C}"
EndProject
Project("{9A19103F-16F7-4668-BE54-9A1E7A4F7556}") = "Git", "Apps\Git\Git.csproj", "{F61C0F31-D1E7-4F41-834D-02DDF9D2A233}"
EndProject
Global
	GlobalSection(SolutionConfigurationPlatforms) = preSolution
		Debug|Any CPU = Debug|Any CPU
		Release|Any CPU = Release|Any CPU
	EndGlobalSection
	GlobalSection(ProjectConfigurationPlatforms) = postSolution
		{6EF664E1-15BC-4E31-9B31-68C3DC139D1B}.Debug|Any CPU.ActiveCfg = Debug|Any CPU
		{6EF664E1-15BC-4E31-9B31-68C3DC139D1B}.Debug|Any CPU.Build.0 = Debug|Any CPU
		{6EF664E1-15BC-4E31-9B31-68C3DC139D1B}.Release|Any CPU.ActiveCfg = Release|Any CPU
		{6EF664E1-15BC-4E31-9B31-68C3DC139D1B}.Release|Any CPU.Build.0 = Release|Any CPU
		{A21101D2-3BD3-4B6A-A854-7D5176A43C44}.Debug|Any CPU.ActiveCfg = Debug|Any CPU
		{A21101D2-3BD3-4B6A-A854-7D5176A43C44}.Debug|Any CPU.Build.0 = Debug|Any CPU
		{A21101D2-3BD3-4B6A-A854-7D5176A43C44}.Release|Any CPU.ActiveCfg = Release|Any CPU
		{A21101D2-3BD3-4B6A-A854-7D5176A43C44}.Release|Any CPU.Build.0 = Release|Any CPU
		{6204167A-64AF-4AED-A891-F178B981DD6C}.Debug|Any CPU.ActiveCfg = Debug|Any CPU
		{6204167A-64AF-4AED-A891-F178B981DD6C}.Debug|Any CPU.Build.0 = Debug|Any CPU
		{6204167A-64AF-4AED-A891-F178B981DD6C}.Release|Any CPU.ActiveCfg = Release|Any CPU
		{6204167A-64AF-4AED-A891-F178B981DD6C}.Release|Any CPU.Build.0 = Release|Any CPU
		{DD79BC92-4BDA-4411-B298-7FD7C705D911}.Debug|Any CPU.ActiveCfg = Debug|Any CPU
		{DD79BC92-4BDA-4411-B298-7FD7C705D911}.Debug|Any CPU.Build.0 = Debug|Any CPU
		{DD79BC92-4BDA-4411-B298-7FD7C705D911}.Release|Any CPU.ActiveCfg = Release|Any CPU
		{DD79BC92-4BDA-4411-B298-7FD7C705D911}.Release|Any CPU.Build.0 = Release|Any CPU
		{64D06F06-38BD-49AE-8B74-BA7A314F7476}.Debug|Any CPU.ActiveCfg = Debug|Any CPU
		{64D06F06-38BD-49AE-8B74-BA7A314F7476}.Debug|Any CPU.Build.0 = Debug|Any CPU
		{64D06F06-38BD-49AE-8B74-BA7A314F7476}.Release|Any CPU.ActiveCfg = Release|Any CPU
		{64D06F06-38BD-49AE-8B74-BA7A314F7476}.Release|Any CPU.Build.0 = Release|Any CPU
		{BF132AD2-F0EE-489C-87DC-D6CA6A0F77D2}.Debug|Any CPU.ActiveCfg = Debug|Any CPU
		{BF132AD2-F0EE-489C-87DC-D6CA6A0F77D2}.Debug|Any CPU.Build.0 = Debug|Any CPU
		{BF132AD2-F0EE-489C-87DC-D6CA6A0F77D2}.Release|Any CPU.ActiveCfg = Release|Any CPU
		{BF132AD2-F0EE-489C-87DC-D6CA6A0F77D2}.Release|Any CPU.Build.0 = Release|Any CPU
		{4929E48C-A34B-4ADF-9F79-2C15F6036F8C}.Debug|Any CPU.ActiveCfg = Debug|Any CPU
		{4929E48C-A34B-4ADF-9F79-2C15F6036F8C}.Debug|Any CPU.Build.0 = Debug|Any CPU
		{4929E48C-A34B-4ADF-9F79-2C15F6036F8C}.Release|Any CPU.ActiveCfg = Release|Any CPU
		{4929E48C-A34B-4ADF-9F79-2C15F6036F8C}.Release|Any CPU.Build.0 = Release|Any CPU
		{F61C0F31-D1E7-4F41-834D-02DDF9D2A233}.Debug|Any CPU.ActiveCfg = Debug|Any CPU
		{F61C0F31-D1E7-4F41-834D-02DDF9D2A233}.Debug|Any CPU.Build.0 = Debug|Any CPU
		{F61C0F31-D1E7-4F41-834D-02DDF9D2A233}.Release|Any CPU.ActiveCfg = Release|Any CPU
		{F61C0F31-D1E7-4F41-834D-02DDF9D2A233}.Release|Any CPU.Build.0 = Release|Any CPU
	EndGlobalSection
	GlobalSection(SolutionProperties) = preSolution
		HideSolutionNode = FALSE
	EndGlobalSection
	GlobalSection(NestedProjects) = preSolution
		{6204167A-64AF-4AED-A891-F178B981DD6C} = {D058481A-B479-499D-ADB8-9108A526A334}
		{DD79BC92-4BDA-4411-B298-7FD7C705D911} = {D058481A-B479-499D-ADB8-9108A526A334}
		{64D06F06-38BD-49AE-8B74-BA7A314F7476} = {D058481A-B479-499D-ADB8-9108A526A334}
		{BF132AD2-F0EE-489C-87DC-D6CA6A0F77D2} = {D058481A-B479-499D-ADB8-9108A526A334}
		{4929E48C-A34B-4ADF-9F79-2C15F6036F8C} = {D058481A-B479-499D-ADB8-9108A526A334}
		{F61C0F31-D1E7-4F41-834D-02DDF9D2A233} = {D058481A-B479-499D-ADB8-9108A526A334}
	EndGlobalSection
	GlobalSection(ExtensibilityGlobals) = postSolution
		SolutionGuid = {1DE8A1FE-A195-4206-8DF0-E23F1C7707C8}
	EndGlobalSection
EndGlobal
