
Microsoft Visual Studio Solution File, Format Version 12.00
# Visual Studio 15
VisualStudioVersion = 15.0.28307.168
MinimumVisualStudioVersion = 10.0.40219.1
Project("{9A19103F-16F7-4668-BE54-9A1E7A4F7556}") = "P01_BasicStackOperations", "ConsoleApp2\P01_BasicStackOperations.csproj", "{6C291F41-AEC9-4B56-AE50-C7ED69FFD153}"
EndProject
Project("{9A19103F-16F7-4668-BE54-9A1E7A4F7556}") = "P02_BasicQueueOperations", "P02_BasicQueueOperations\P02_BasicQueueOperations.csproj", "{58FDDD70-B552-4326-91A1-61B8E1F49F1A}"
EndProject
Project("{9A19103F-16F7-4668-BE54-9A1E7A4F7556}") = "P03_MaximumandMinimumElement", "P03_MaximumandMinimumElement\P03_MaximumandMinimumElement.csproj", "{4DC4CF31-100E-405B-BB51-3045164E4B5E}"
EndProject
Project("{FAE04EC0-301F-11D3-BF4B-00C04F79EFBC}") = "P04_FastFood", "P04_FastFood\P04_FastFood.csproj", "{2C21CA8F-0B94-4BC5-A0BF-E007432AFD12}"
EndProject
Project("{FAE04EC0-301F-11D3-BF4B-00C04F79EFBC}") = "P05_FashionBoutique", "P05_FashionBoutique\P05_FashionBoutique.csproj", "{5383FB33-E288-49BC-BF8A-638ED4CF11B2}"
EndProject
Project("{FAE04EC0-301F-11D3-BF4B-00C04F79EFBC}") = "P06_AutoRepairandService", "P06_AutoRepairandService\P06_AutoRepairandService.csproj", "{82604A73-F826-42A3-95FA-160B798A16D1}"
EndProject
Project("{FAE04EC0-301F-11D3-BF4B-00C04F79EFBC}") = "P07_TruckTour", "P07_TruckTour\P07_TruckTour.csproj", "{50CF4FE6-3ACC-4C82-84AD-82613FFD78B8}"
EndProject
Project("{FAE04EC0-301F-11D3-BF4B-00C04F79EFBC}") = "P08_BalancedParenthesis", "P08_BalancedParenthesis\P08_BalancedParenthesis.csproj", "{FC7BEC32-5751-47D1-8636-C5BC5A4FC6D2}"
EndProject
Project("{FAE04EC0-301F-11D3-BF4B-00C04F79EFBC}") = "P09_SimpleTextEditor", "P09_SimpleTextEditor\P09_SimpleTextEditor.csproj", "{5DAC999B-2398-4D2A-9C6B-1C52A91E1263}"
EndProject
Global
	GlobalSection(SolutionConfigurationPlatforms) = preSolution
		Debug|Any CPU = Debug|Any CPU
		Release|Any CPU = Release|Any CPU
	EndGlobalSection
	GlobalSection(ProjectConfigurationPlatforms) = postSolution
		{6C291F41-AEC9-4B56-AE50-C7ED69FFD153}.Debug|Any CPU.ActiveCfg = Debug|Any CPU
		{6C291F41-AEC9-4B56-AE50-C7ED69FFD153}.Debug|Any CPU.Build.0 = Debug|Any CPU
		{6C291F41-AEC9-4B56-AE50-C7ED69FFD153}.Release|Any CPU.ActiveCfg = Release|Any CPU
		{6C291F41-AEC9-4B56-AE50-C7ED69FFD153}.Release|Any CPU.Build.0 = Release|Any CPU
		{58FDDD70-B552-4326-91A1-61B8E1F49F1A}.Debug|Any CPU.ActiveCfg = Debug|Any CPU
		{58FDDD70-B552-4326-91A1-61B8E1F49F1A}.Debug|Any CPU.Build.0 = Debug|Any CPU
		{58FDDD70-B552-4326-91A1-61B8E1F49F1A}.Release|Any CPU.ActiveCfg = Release|Any CPU
		{58FDDD70-B552-4326-91A1-61B8E1F49F1A}.Release|Any CPU.Build.0 = Release|Any CPU
		{4DC4CF31-100E-405B-BB51-3045164E4B5E}.Debug|Any CPU.ActiveCfg = Debug|Any CPU
		{4DC4CF31-100E-405B-BB51-3045164E4B5E}.Debug|Any CPU.Build.0 = Debug|Any CPU
		{4DC4CF31-100E-405B-BB51-3045164E4B5E}.Release|Any CPU.ActiveCfg = Release|Any CPU
		{4DC4CF31-100E-405B-BB51-3045164E4B5E}.Release|Any CPU.Build.0 = Release|Any CPU
		{2C21CA8F-0B94-4BC5-A0BF-E007432AFD12}.Debug|Any CPU.ActiveCfg = Debug|Any CPU
		{2C21CA8F-0B94-4BC5-A0BF-E007432AFD12}.Debug|Any CPU.Build.0 = Debug|Any CPU
		{2C21CA8F-0B94-4BC5-A0BF-E007432AFD12}.Release|Any CPU.ActiveCfg = Release|Any CPU
		{2C21CA8F-0B94-4BC5-A0BF-E007432AFD12}.Release|Any CPU.Build.0 = Release|Any CPU
		{5383FB33-E288-49BC-BF8A-638ED4CF11B2}.Debug|Any CPU.ActiveCfg = Debug|Any CPU
		{5383FB33-E288-49BC-BF8A-638ED4CF11B2}.Debug|Any CPU.Build.0 = Debug|Any CPU
		{5383FB33-E288-49BC-BF8A-638ED4CF11B2}.Release|Any CPU.ActiveCfg = Release|Any CPU
		{5383FB33-E288-49BC-BF8A-638ED4CF11B2}.Release|Any CPU.Build.0 = Release|Any CPU
		{82604A73-F826-42A3-95FA-160B798A16D1}.Debug|Any CPU.ActiveCfg = Debug|Any CPU
		{82604A73-F826-42A3-95FA-160B798A16D1}.Debug|Any CPU.Build.0 = Debug|Any CPU
		{82604A73-F826-42A3-95FA-160B798A16D1}.Release|Any CPU.ActiveCfg = Release|Any CPU
		{82604A73-F826-42A3-95FA-160B798A16D1}.Release|Any CPU.Build.0 = Release|Any CPU
		{50CF4FE6-3ACC-4C82-84AD-82613FFD78B8}.Debug|Any CPU.ActiveCfg = Debug|Any CPU
		{50CF4FE6-3ACC-4C82-84AD-82613FFD78B8}.Debug|Any CPU.Build.0 = Debug|Any CPU
		{50CF4FE6-3ACC-4C82-84AD-82613FFD78B8}.Release|Any CPU.ActiveCfg = Release|Any CPU
		{50CF4FE6-3ACC-4C82-84AD-82613FFD78B8}.Release|Any CPU.Build.0 = Release|Any CPU
		{FC7BEC32-5751-47D1-8636-C5BC5A4FC6D2}.Debug|Any CPU.ActiveCfg = Debug|Any CPU
		{FC7BEC32-5751-47D1-8636-C5BC5A4FC6D2}.Debug|Any CPU.Build.0 = Debug|Any CPU
		{FC7BEC32-5751-47D1-8636-C5BC5A4FC6D2}.Release|Any CPU.ActiveCfg = Release|Any CPU
		{FC7BEC32-5751-47D1-8636-C5BC5A4FC6D2}.Release|Any CPU.Build.0 = Release|Any CPU
		{5DAC999B-2398-4D2A-9C6B-1C52A91E1263}.Debug|Any CPU.ActiveCfg = Debug|Any CPU
		{5DAC999B-2398-4D2A-9C6B-1C52A91E1263}.Debug|Any CPU.Build.0 = Debug|Any CPU
		{5DAC999B-2398-4D2A-9C6B-1C52A91E1263}.Release|Any CPU.ActiveCfg = Release|Any CPU
		{5DAC999B-2398-4D2A-9C6B-1C52A91E1263}.Release|Any CPU.Build.0 = Release|Any CPU
	EndGlobalSection
	GlobalSection(SolutionProperties) = preSolution
		HideSolutionNode = FALSE
	EndGlobalSection
	GlobalSection(ExtensibilityGlobals) = postSolution
		SolutionGuid = {0C57CC63-DA50-450A-90F7-94B685601F73}
	EndGlobalSection
EndGlobal
