
Microsoft Visual Studio Solution File, Format Version 12.00
# Visual Studio 15
VisualStudioVersion = 15.0.28307.168
MinimumVisualStudioVersion = 10.0.40219.1
Project("{9A19103F-16F7-4668-BE54-9A1E7A4F7556}") = "P01", "P01\P01.csproj", "{612D169B-334F-49B8-ADA3-8CF0DDE49CFE}"
EndProject
Project("{9A19103F-16F7-4668-BE54-9A1E7A4F7556}") = "P02", "P02\P02.csproj", "{27876766-4F4C-431A-A59C-ADDADD69F82A}"
EndProject
Project("{9A19103F-16F7-4668-BE54-9A1E7A4F7556}") = "HealthyHeaven", "HealthyHeaven\HealthyHeaven.csproj", "{8DFEAB84-C5EE-40B7-8718-FCBA54764019}"
EndProject
Global
	GlobalSection(SolutionConfigurationPlatforms) = preSolution
		Debug|Any CPU = Debug|Any CPU
		Release|Any CPU = Release|Any CPU
	EndGlobalSection
	GlobalSection(ProjectConfigurationPlatforms) = postSolution
		{612D169B-334F-49B8-ADA3-8CF0DDE49CFE}.Debug|Any CPU.ActiveCfg = Debug|Any CPU
		{612D169B-334F-49B8-ADA3-8CF0DDE49CFE}.Debug|Any CPU.Build.0 = Debug|Any CPU
		{612D169B-334F-49B8-ADA3-8CF0DDE49CFE}.Release|Any CPU.ActiveCfg = Release|Any CPU
		{612D169B-334F-49B8-ADA3-8CF0DDE49CFE}.Release|Any CPU.Build.0 = Release|Any CPU
		{27876766-4F4C-431A-A59C-ADDADD69F82A}.Debug|Any CPU.ActiveCfg = Debug|Any CPU
		{27876766-4F4C-431A-A59C-ADDADD69F82A}.Debug|Any CPU.Build.0 = Debug|Any CPU
		{27876766-4F4C-431A-A59C-ADDADD69F82A}.Release|Any CPU.ActiveCfg = Release|Any CPU
		{27876766-4F4C-431A-A59C-ADDADD69F82A}.Release|Any CPU.Build.0 = Release|Any CPU
		{8DFEAB84-C5EE-40B7-8718-FCBA54764019}.Debug|Any CPU.ActiveCfg = Debug|Any CPU
		{8DFEAB84-C5EE-40B7-8718-FCBA54764019}.Debug|Any CPU.Build.0 = Debug|Any CPU
		{8DFEAB84-C5EE-40B7-8718-FCBA54764019}.Release|Any CPU.ActiveCfg = Release|Any CPU
		{8DFEAB84-C5EE-40B7-8718-FCBA54764019}.Release|Any CPU.Build.0 = Release|Any CPU
	EndGlobalSection
	GlobalSection(SolutionProperties) = preSolution
		HideSolutionNode = FALSE
	EndGlobalSection
	GlobalSection(ExtensibilityGlobals) = postSolution
		SolutionGuid = {82CCEF16-810C-4E2B-B678-CC8F5BF6EFA8}
	EndGlobalSection
EndGlobal
